// !$*UTF8*$!
{
	archiveVersion = 1;
	classes = {
	};
	objectVersion = 51;
	objects = {

/* Begin PBXBuildFile section */
		50ED455DF77C0AE1663675A2 /* Pods_DomainTests.framework in Frameworks */ = {isa = PBXBuildFile; fileRef = 2D95A23DC125A0ECB0E399A0 /* Pods_DomainTests.framework */; };
		51ABFA4108193A830D07D8B1 /* Pods_iOS_Challenge_iOS_ChallengeUITests.framework in Frameworks */ = {isa = PBXBuildFile; fileRef = 1472B44674D823777D29C897 /* Pods_iOS_Challenge_iOS_ChallengeUITests.framework */; };
		55528D9E9F2332A26D9E82A6 /* Pods_Domain.framework in Frameworks */ = {isa = PBXBuildFile; fileRef = 1BF70FA47C6CF436613B0A6F /* Pods_Domain.framework */; };
		608D18DF23E091DB00BFE7C7 /* AppDelegate.swift in Sources */ = {isa = PBXBuildFile; fileRef = 608D18DE23E091DB00BFE7C7 /* AppDelegate.swift */; };
		608D18E323E091DB00BFE7C7 /* ViewController.swift in Sources */ = {isa = PBXBuildFile; fileRef = 608D18E223E091DB00BFE7C7 /* ViewController.swift */; };
		608D18E623E091DB00BFE7C7 /* Main.storyboard in Resources */ = {isa = PBXBuildFile; fileRef = 608D18E423E091DB00BFE7C7 /* Main.storyboard */; };
		608D18E823E091DC00BFE7C7 /* Assets.xcassets in Resources */ = {isa = PBXBuildFile; fileRef = 608D18E723E091DC00BFE7C7 /* Assets.xcassets */; };
		608D18EB23E091DC00BFE7C7 /* LaunchScreen.storyboard in Resources */ = {isa = PBXBuildFile; fileRef = 608D18E923E091DC00BFE7C7 /* LaunchScreen.storyboard */; };
		608D18F623E091DC00BFE7C7 /* iOS_ChallengeTests.swift in Sources */ = {isa = PBXBuildFile; fileRef = 608D18F523E091DC00BFE7C7 /* iOS_ChallengeTests.swift */; };
		608D190123E091DC00BFE7C7 /* iOS_ChallengeUITests.swift in Sources */ = {isa = PBXBuildFile; fileRef = 608D190023E091DC00BFE7C7 /* iOS_ChallengeUITests.swift */; };
		60F3961C23E996C000AA2913 /* Alamofire+Decodable.swift in Sources */ = {isa = PBXBuildFile; fileRef = 60F3961B23E996C000AA2913 /* Alamofire+Decodable.swift */; };
		60F3961E23E997E400AA2913 /* AccessTokenResponse.swift in Sources */ = {isa = PBXBuildFile; fileRef = 60F3961D23E997E400AA2913 /* AccessTokenResponse.swift */; };
		A694707816F411077F7B7BFF /* Pods_NetworkPlatform.framework in Frameworks */ = {isa = PBXBuildFile; fileRef = 5B3C3B4E83450FB7E6CB2B8D /* Pods_NetworkPlatform.framework */; };
		AD5D578224802144007575B6 /* TableView+Ext.swift in Sources */ = {isa = PBXBuildFile; fileRef = AD5D578124802144007575B6 /* TableView+Ext.swift */; };
		AD6078232480605C002FE6C4 /* CommitsController.swift in Sources */ = {isa = PBXBuildFile; fileRef = AD6078212480605C002FE6C4 /* CommitsController.swift */; };
		AD6078242480605C002FE6C4 /* CommitsController.xib in Resources */ = {isa = PBXBuildFile; fileRef = AD6078222480605C002FE6C4 /* CommitsController.xib */; };
		AD607826248060B3002FE6C4 /* CommitsNavigator.swift in Sources */ = {isa = PBXBuildFile; fileRef = AD607825248060B3002FE6C4 /* CommitsNavigator.swift */; };
		AD607828248060CB002FE6C4 /* CommitsViewModel.swift in Sources */ = {isa = PBXBuildFile; fileRef = AD607827248060CB002FE6C4 /* CommitsViewModel.swift */; };
		AD60782D24806A26002FE6C4 /* CommitViewCell.swift in Sources */ = {isa = PBXBuildFile; fileRef = AD60782B24806A26002FE6C4 /* CommitViewCell.swift */; };
		AD60782E24806A26002FE6C4 /* CommitViewCell.xib in Resources */ = {isa = PBXBuildFile; fileRef = AD60782C24806A26002FE6C4 /* CommitViewCell.xib */; };
		AD60783024806A41002FE6C4 /* CommitsCellViewModel.swift in Sources */ = {isa = PBXBuildFile; fileRef = AD60782F24806A41002FE6C4 /* CommitsCellViewModel.swift */; };
		AD60783224806DD7002FE6C4 /* CommitActorItem.swift in Sources */ = {isa = PBXBuildFile; fileRef = AD60783124806DD7002FE6C4 /* CommitActorItem.swift */; };
		AD607834248107D7002FE6C4 /* CommitsUseCase.swift in Sources */ = {isa = PBXBuildFile; fileRef = AD607833248107D7002FE6C4 /* CommitsUseCase.swift */; };
		AD60783624810F4A002FE6C4 /* CommitsNetwork.swift in Sources */ = {isa = PBXBuildFile; fileRef = AD60783524810F4A002FE6C4 /* CommitsNetwork.swift */; };
		AD60783824811071002FE6C4 /* CommitsUseCase.swift in Sources */ = {isa = PBXBuildFile; fileRef = AD60783724811071002FE6C4 /* CommitsUseCase.swift */; };
		AD60783C248146AD002FE6C4 /* ProfileController.swift in Sources */ = {isa = PBXBuildFile; fileRef = AD60783A248146AD002FE6C4 /* ProfileController.swift */; };
		AD60783D248146AD002FE6C4 /* ProfileController.xib in Resources */ = {isa = PBXBuildFile; fileRef = AD60783B248146AD002FE6C4 /* ProfileController.xib */; };
		AD60783F248146EE002FE6C4 /* ProfileNavigator.swift in Sources */ = {isa = PBXBuildFile; fileRef = AD60783E248146EE002FE6C4 /* ProfileNavigator.swift */; };
		AD607841248147C0002FE6C4 /* ProfileViewModel.swift in Sources */ = {isa = PBXBuildFile; fileRef = AD607840248147C0002FE6C4 /* ProfileViewModel.swift */; };
		AD60784324814B35002FE6C4 /* ProfileUseCase.swift in Sources */ = {isa = PBXBuildFile; fileRef = AD60784224814B35002FE6C4 /* ProfileUseCase.swift */; };
		AD60784524814B84002FE6C4 /* ProfileNetwork.swift in Sources */ = {isa = PBXBuildFile; fileRef = AD60784424814B84002FE6C4 /* ProfileNetwork.swift */; };
		AD60784724815184002FE6C4 /* ImageView+Ext.swift in Sources */ = {isa = PBXBuildFile; fileRef = AD60784624815184002FE6C4 /* ImageView+Ext.swift */; };
		AD6B0FA3247AD7DF004158B2 /* UseCaseProvider.swift in Sources */ = {isa = PBXBuildFile; fileRef = AD6B0FA2247AD7DF004158B2 /* UseCaseProvider.swift */; };
		AD6B0FA7247ADEDB004158B2 /* RepositoriesModel.swift in Sources */ = {isa = PBXBuildFile; fileRef = AD6B0FA6247ADEDB004158B2 /* RepositoriesModel.swift */; };
		AD6B0FA9247ADF27004158B2 /* CommitsModel.swift in Sources */ = {isa = PBXBuildFile; fileRef = AD6B0FA8247ADF27004158B2 /* CommitsModel.swift */; };
		AD6B0FAB247AE23D004158B2 /* RepositoryItem.swift in Sources */ = {isa = PBXBuildFile; fileRef = AD6B0FAA247AE23D004158B2 /* RepositoryItem.swift */; };
		AD6B0FAD247AE32C004158B2 /* CommitItem.swift in Sources */ = {isa = PBXBuildFile; fileRef = AD6B0FAC247AE32C004158B2 /* CommitItem.swift */; };
		AD6B0FAF247B088C004158B2 /* UserModel.swift in Sources */ = {isa = PBXBuildFile; fileRef = AD6B0FAE247B088C004158B2 /* UserModel.swift */; };
		AD6B0FB2247B1ACF004158B2 /* RepositorySearchNetwork.swift in Sources */ = {isa = PBXBuildFile; fileRef = AD6B0FB1247B1ACF004158B2 /* RepositorySearchNetwork.swift */; };
		AD6B0FB5247B2C17004158B2 /* UseCaseProvider.swift in Sources */ = {isa = PBXBuildFile; fileRef = AD6B0FB4247B2C17004158B2 /* UseCaseProvider.swift */; };
		AD6B0FB7247B2C83004158B2 /* SearchRepositoryUseCase.swift in Sources */ = {isa = PBXBuildFile; fileRef = AD6B0FB6247B2C83004158B2 /* SearchRepositoryUseCase.swift */; };
		AD6B0FB9247B2FBF004158B2 /* SearchRepositoryUseCase.swift in Sources */ = {isa = PBXBuildFile; fileRef = AD6B0FB8247B2FBF004158B2 /* SearchRepositoryUseCase.swift */; };
		AD6B0FC0247B393F004158B2 /* ReporitoriesViewController.swift in Sources */ = {isa = PBXBuildFile; fileRef = AD6B0FBE247B393F004158B2 /* ReporitoriesViewController.swift */; };
		AD6B0FC1247B393F004158B2 /* ReporitoriesViewController.xib in Resources */ = {isa = PBXBuildFile; fileRef = AD6B0FBF247B393F004158B2 /* ReporitoriesViewController.xib */; };
		AD6B0FC3247B3977004158B2 /* RepositoriesNavigator.swift in Sources */ = {isa = PBXBuildFile; fileRef = AD6B0FC2247B3977004158B2 /* RepositoriesNavigator.swift */; };
		AD6B0FC6247B3A25004158B2 /* RepositoriesViewModel.swift in Sources */ = {isa = PBXBuildFile; fileRef = AD6B0FC5247B3A25004158B2 /* RepositoriesViewModel.swift */; };
		AD6B0FC9247B3A69004158B2 /* ViewModelType.swift in Sources */ = {isa = PBXBuildFile; fileRef = AD6B0FC8247B3A69004158B2 /* ViewModelType.swift */; };
		AD6B0FCD247B4173004158B2 /* RepositoryCellViewModel.swift in Sources */ = {isa = PBXBuildFile; fileRef = AD6B0FCC247B4173004158B2 /* RepositoryCellViewModel.swift */; };
		AD6B0FD0247B44E2004158B2 /* ErrorTracker.swift in Sources */ = {isa = PBXBuildFile; fileRef = AD6B0FCE247B44E1004158B2 /* ErrorTracker.swift */; };
		AD6B0FD1247B44E2004158B2 /* ActivityIndicator.swift in Sources */ = {isa = PBXBuildFile; fileRef = AD6B0FCF247B44E1004158B2 /* ActivityIndicator.swift */; };
		AD6B0FD5247B452A004158B2 /* Error+CustomResponse.swift in Sources */ = {isa = PBXBuildFile; fileRef = AD6B0FD2247B4529004158B2 /* Error+CustomResponse.swift */; };
		AD6B0FD6247B452A004158B2 /* Observable+Ext.swift in Sources */ = {isa = PBXBuildFile; fileRef = AD6B0FD3247B4529004158B2 /* Observable+Ext.swift */; };
		AD6B0FD7247B452A004158B2 /* String+CustomTools.swift in Sources */ = {isa = PBXBuildFile; fileRef = AD6B0FD4247B4529004158B2 /* String+CustomTools.swift */; };
		AD6B0FDA247BBB59004158B2 /* RepositoryViewCell.swift in Sources */ = {isa = PBXBuildFile; fileRef = AD6B0FD8247BBB59004158B2 /* RepositoryViewCell.swift */; };
		AD6B0FDB247BBB59004158B2 /* RepositoryViewCell.xib in Resources */ = {isa = PBXBuildFile; fileRef = AD6B0FD9247BBB59004158B2 /* RepositoryViewCell.xib */; };
		AD6B0FDD247BBF68004158B2 /* CustomCell.swift in Sources */ = {isa = PBXBuildFile; fileRef = AD6B0FDC247BBF68004158B2 /* CustomCell.swift */; };
		AD6B0FE1247BED01004158B2 /* MainNavigationController.swift in Sources */ = {isa = PBXBuildFile; fileRef = AD6B0FE0247BED01004158B2 /* MainNavigationController.swift */; };
		AD95A75D247AA57000B58056 /* Domain.framework in Frameworks */ = {isa = PBXBuildFile; fileRef = AD95A754247AA57000B58056 /* Domain.framework */; };
		AD95A764247AA57000B58056 /* DomainTests.swift in Sources */ = {isa = PBXBuildFile; fileRef = AD95A763247AA57000B58056 /* DomainTests.swift */; };
		AD95A766247AA57000B58056 /* Domain.h in Headers */ = {isa = PBXBuildFile; fileRef = AD95A756247AA57000B58056 /* Domain.h */; settings = {ATTRIBUTES = (Public, ); }; };
		AD95A769247AA57000B58056 /* Domain.framework in Frameworks */ = {isa = PBXBuildFile; fileRef = AD95A754247AA57000B58056 /* Domain.framework */; };
		AD95A76A247AA57000B58056 /* Domain.framework in Embed Frameworks */ = {isa = PBXBuildFile; fileRef = AD95A754247AA57000B58056 /* Domain.framework */; settings = {ATTRIBUTES = (CodeSignOnCopy, RemoveHeadersOnCopy, ); }; };
		AD95A784247AAC5B00B58056 /* NetworkPlatform.framework in Frameworks */ = {isa = PBXBuildFile; fileRef = AD95A77B247AAC5A00B58056 /* NetworkPlatform.framework */; };
		AD95A78B247AAC5B00B58056 /* NetworkPlatformTests.swift in Sources */ = {isa = PBXBuildFile; fileRef = AD95A78A247AAC5B00B58056 /* NetworkPlatformTests.swift */; };
		AD95A78D247AAC5B00B58056 /* NetworkPlatform.h in Headers */ = {isa = PBXBuildFile; fileRef = AD95A77D247AAC5B00B58056 /* NetworkPlatform.h */; settings = {ATTRIBUTES = (Public, ); }; };
		AD95A790247AAC5B00B58056 /* NetworkPlatform.framework in Frameworks */ = {isa = PBXBuildFile; fileRef = AD95A77B247AAC5A00B58056 /* NetworkPlatform.framework */; };
		AD95A791247AAC5B00B58056 /* NetworkPlatform.framework in Embed Frameworks */ = {isa = PBXBuildFile; fileRef = AD95A77B247AAC5A00B58056 /* NetworkPlatform.framework */; settings = {ATTRIBUTES = (CodeSignOnCopy, RemoveHeadersOnCopy, ); }; };
		AD95A798247AAC6700B58056 /* Domain.framework in Frameworks */ = {isa = PBXBuildFile; fileRef = AD95A754247AA57000B58056 /* Domain.framework */; };
		AD95A799247AAC6700B58056 /* Domain.framework in Embed Frameworks */ = {isa = PBXBuildFile; fileRef = AD95A754247AA57000B58056 /* Domain.framework */; settings = {ATTRIBUTES = (CodeSignOnCopy, RemoveHeadersOnCopy, ); }; };
		AD95A7A8247AACD600B58056 /* EncodableExtension.swift in Sources */ = {isa = PBXBuildFile; fileRef = AD95A79E247AACD600B58056 /* EncodableExtension.swift */; };
		AD95A7A9247AACD600B58056 /* ResponseAnalytics.swift in Sources */ = {isa = PBXBuildFile; fileRef = AD95A79F247AACD600B58056 /* ResponseAnalytics.swift */; };
		AD95A7AA247AACD700B58056 /* DateFormatterExtension.swift in Sources */ = {isa = PBXBuildFile; fileRef = AD95A7A0247AACD600B58056 /* DateFormatterExtension.swift */; };
		AD95A7AD247AACD700B58056 /* Network.swift in Sources */ = {isa = PBXBuildFile; fileRef = AD95A7A4247AACD600B58056 /* Network.swift */; };
		AD95A7AF247AACD700B58056 /* NetworkProvider.swift in Sources */ = {isa = PBXBuildFile; fileRef = AD95A7A6247AACD600B58056 /* NetworkProvider.swift */; };
		AD95A7B8247AB18D00B58056 /* Constants.swift in Sources */ = {isa = PBXBuildFile; fileRef = AD95A7B2247AB18D00B58056 /* Constants.swift */; };
		AD95A7B9247AB18D00B58056 /* ErrorTypes.swift in Sources */ = {isa = PBXBuildFile; fileRef = AD95A7B3247AB18D00B58056 /* ErrorTypes.swift */; };
		AD95A7BC247AB18D00B58056 /* AuthenticationStatus.swift in Sources */ = {isa = PBXBuildFile; fileRef = AD95A7B7247AB18D00B58056 /* AuthenticationStatus.swift */; };
		AD95A7BF247ABABD00B58056 /* ProfileNetworkModel.swift in Sources */ = {isa = PBXBuildFile; fileRef = AD95A7BE247ABABD00B58056 /* ProfileNetworkModel.swift */; };
		AD95A7C1247ABB0100B58056 /* InteractiveModelType.swift in Sources */ = {isa = PBXBuildFile; fileRef = AD95A7C0247ABB0100B58056 /* InteractiveModelType.swift */; };
		AD95A7C3247ABE2B00B58056 /* AvatarModel.swift in Sources */ = {isa = PBXBuildFile; fileRef = AD95A7C2247ABE2B00B58056 /* AvatarModel.swift */; };
		B3B1B678B42594290ED67BCF /* Pods_NetworkPlatformTests.framework in Frameworks */ = {isa = PBXBuildFile; fileRef = DA6FBBA8D6EF9F89EC97B586 /* Pods_NetworkPlatformTests.framework */; };
		B933F4A3A804540C277A2A0E /* Pods_iOS_ChallengeTests.framework in Frameworks */ = {isa = PBXBuildFile; fileRef = DA0DAD90B1F967F35F4428C8 /* Pods_iOS_ChallengeTests.framework */; };
		CE9ACAB5E03FBDFE2043F7EF /* Pods_iOS_Challenge.framework in Frameworks */ = {isa = PBXBuildFile; fileRef = 343AA1B7E69338FA2B3688AA /* Pods_iOS_Challenge.framework */; };
/* End PBXBuildFile section */

/* Begin PBXContainerItemProxy section */
		608D18F223E091DC00BFE7C7 /* PBXContainerItemProxy */ = {
			isa = PBXContainerItemProxy;
			containerPortal = 608D18D323E091DB00BFE7C7 /* Project object */;
			proxyType = 1;
			remoteGlobalIDString = 608D18DA23E091DB00BFE7C7;
			remoteInfo = "iOS-Challenge";
		};
		608D18FD23E091DC00BFE7C7 /* PBXContainerItemProxy */ = {
			isa = PBXContainerItemProxy;
			containerPortal = 608D18D323E091DB00BFE7C7 /* Project object */;
			proxyType = 1;
			remoteGlobalIDString = 608D18DA23E091DB00BFE7C7;
			remoteInfo = "iOS-Challenge";
		};
		AD95A75E247AA57000B58056 /* PBXContainerItemProxy */ = {
			isa = PBXContainerItemProxy;
			containerPortal = 608D18D323E091DB00BFE7C7 /* Project object */;
			proxyType = 1;
			remoteGlobalIDString = AD95A753247AA57000B58056;
			remoteInfo = Domain;
		};
		AD95A760247AA57000B58056 /* PBXContainerItemProxy */ = {
			isa = PBXContainerItemProxy;
			containerPortal = 608D18D323E091DB00BFE7C7 /* Project object */;
			proxyType = 1;
			remoteGlobalIDString = 608D18DA23E091DB00BFE7C7;
			remoteInfo = "iOS-Challenge";
		};
		AD95A767247AA57000B58056 /* PBXContainerItemProxy */ = {
			isa = PBXContainerItemProxy;
			containerPortal = 608D18D323E091DB00BFE7C7 /* Project object */;
			proxyType = 1;
			remoteGlobalIDString = AD95A753247AA57000B58056;
			remoteInfo = Domain;
		};
		AD95A785247AAC5B00B58056 /* PBXContainerItemProxy */ = {
			isa = PBXContainerItemProxy;
			containerPortal = 608D18D323E091DB00BFE7C7 /* Project object */;
			proxyType = 1;
			remoteGlobalIDString = AD95A77A247AAC5A00B58056;
			remoteInfo = NetworkPlatform;
		};
		AD95A787247AAC5B00B58056 /* PBXContainerItemProxy */ = {
			isa = PBXContainerItemProxy;
			containerPortal = 608D18D323E091DB00BFE7C7 /* Project object */;
			proxyType = 1;
			remoteGlobalIDString = 608D18DA23E091DB00BFE7C7;
			remoteInfo = "iOS-Challenge";
		};
		AD95A78E247AAC5B00B58056 /* PBXContainerItemProxy */ = {
			isa = PBXContainerItemProxy;
			containerPortal = 608D18D323E091DB00BFE7C7 /* Project object */;
			proxyType = 1;
			remoteGlobalIDString = AD95A77A247AAC5A00B58056;
			remoteInfo = NetworkPlatform;
		};
		AD95A79A247AAC6700B58056 /* PBXContainerItemProxy */ = {
			isa = PBXContainerItemProxy;
			containerPortal = 608D18D323E091DB00BFE7C7 /* Project object */;
			proxyType = 1;
			remoteGlobalIDString = AD95A753247AA57000B58056;
			remoteInfo = Domain;
		};
/* End PBXContainerItemProxy section */

/* Begin PBXCopyFilesBuildPhase section */
		AD95A74B247AA54E00B58056 /* Embed Frameworks */ = {
			isa = PBXCopyFilesBuildPhase;
			buildActionMask = 2147483647;
			dstPath = "";
			dstSubfolderSpec = 10;
			files = (
				AD95A791247AAC5B00B58056 /* NetworkPlatform.framework in Embed Frameworks */,
				AD95A76A247AA57000B58056 /* Domain.framework in Embed Frameworks */,
			);
			name = "Embed Frameworks";
			runOnlyForDeploymentPostprocessing = 0;
		};
		AD95A79C247AAC6800B58056 /* Embed Frameworks */ = {
			isa = PBXCopyFilesBuildPhase;
			buildActionMask = 2147483647;
			dstPath = "";
			dstSubfolderSpec = 10;
			files = (
				AD95A799247AAC6700B58056 /* Domain.framework in Embed Frameworks */,
			);
			name = "Embed Frameworks";
			runOnlyForDeploymentPostprocessing = 0;
		};
/* End PBXCopyFilesBuildPhase section */

/* Begin PBXFileReference section */
		1472B44674D823777D29C897 /* Pods_iOS_Challenge_iOS_ChallengeUITests.framework */ = {isa = PBXFileReference; explicitFileType = wrapper.framework; includeInIndex = 0; path = Pods_iOS_Challenge_iOS_ChallengeUITests.framework; sourceTree = BUILT_PRODUCTS_DIR; };
		1BF70FA47C6CF436613B0A6F /* Pods_Domain.framework */ = {isa = PBXFileReference; explicitFileType = wrapper.framework; includeInIndex = 0; path = Pods_Domain.framework; sourceTree = BUILT_PRODUCTS_DIR; };
		2075C2B6642464659DF42D34 /* Pods-iOS-ChallengeTests.debug.xcconfig */ = {isa = PBXFileReference; includeInIndex = 1; lastKnownFileType = text.xcconfig; name = "Pods-iOS-ChallengeTests.debug.xcconfig"; path = "Target Support Files/Pods-iOS-ChallengeTests/Pods-iOS-ChallengeTests.debug.xcconfig"; sourceTree = "<group>"; };
		2B819B8EBC542565124C4EFB /* Pods-DomainTests.debug.xcconfig */ = {isa = PBXFileReference; includeInIndex = 1; lastKnownFileType = text.xcconfig; name = "Pods-DomainTests.debug.xcconfig"; path = "Target Support Files/Pods-DomainTests/Pods-DomainTests.debug.xcconfig"; sourceTree = "<group>"; };
		2D95A23DC125A0ECB0E399A0 /* Pods_DomainTests.framework */ = {isa = PBXFileReference; explicitFileType = wrapper.framework; includeInIndex = 0; path = Pods_DomainTests.framework; sourceTree = BUILT_PRODUCTS_DIR; };
		2DFB747B8FA07EE997CC0341 /* Pods-NetworkPlatform.release.xcconfig */ = {isa = PBXFileReference; includeInIndex = 1; lastKnownFileType = text.xcconfig; name = "Pods-NetworkPlatform.release.xcconfig"; path = "Target Support Files/Pods-NetworkPlatform/Pods-NetworkPlatform.release.xcconfig"; sourceTree = "<group>"; };
		343AA1B7E69338FA2B3688AA /* Pods_iOS_Challenge.framework */ = {isa = PBXFileReference; explicitFileType = wrapper.framework; includeInIndex = 0; path = Pods_iOS_Challenge.framework; sourceTree = BUILT_PRODUCTS_DIR; };
		452EBB03A5742361A34EB8BD /* Pods-Domain.release.xcconfig */ = {isa = PBXFileReference; includeInIndex = 1; lastKnownFileType = text.xcconfig; name = "Pods-Domain.release.xcconfig"; path = "Target Support Files/Pods-Domain/Pods-Domain.release.xcconfig"; sourceTree = "<group>"; };
		4CF87E523F98E04A4A667417 /* Pods-iOS-Challenge.debug.xcconfig */ = {isa = PBXFileReference; includeInIndex = 1; lastKnownFileType = text.xcconfig; name = "Pods-iOS-Challenge.debug.xcconfig"; path = "Target Support Files/Pods-iOS-Challenge/Pods-iOS-Challenge.debug.xcconfig"; sourceTree = "<group>"; };
		5B3C3B4E83450FB7E6CB2B8D /* Pods_NetworkPlatform.framework */ = {isa = PBXFileReference; explicitFileType = wrapper.framework; includeInIndex = 0; path = Pods_NetworkPlatform.framework; sourceTree = BUILT_PRODUCTS_DIR; };
		608D18DB23E091DB00BFE7C7 /* iOS-Challenge.app */ = {isa = PBXFileReference; explicitFileType = wrapper.application; includeInIndex = 0; path = "iOS-Challenge.app"; sourceTree = BUILT_PRODUCTS_DIR; };
		608D18DE23E091DB00BFE7C7 /* AppDelegate.swift */ = {isa = PBXFileReference; lastKnownFileType = sourcecode.swift; path = AppDelegate.swift; sourceTree = "<group>"; };
		608D18E223E091DB00BFE7C7 /* ViewController.swift */ = {isa = PBXFileReference; lastKnownFileType = sourcecode.swift; path = ViewController.swift; sourceTree = "<group>"; };
		608D18E523E091DB00BFE7C7 /* Base */ = {isa = PBXFileReference; lastKnownFileType = file.storyboard; name = Base; path = Base.lproj/Main.storyboard; sourceTree = "<group>"; };
		608D18E723E091DC00BFE7C7 /* Assets.xcassets */ = {isa = PBXFileReference; lastKnownFileType = folder.assetcatalog; path = Assets.xcassets; sourceTree = "<group>"; };
		608D18EA23E091DC00BFE7C7 /* Base */ = {isa = PBXFileReference; lastKnownFileType = file.storyboard; name = Base; path = Base.lproj/LaunchScreen.storyboard; sourceTree = "<group>"; };
		608D18EC23E091DC00BFE7C7 /* Info.plist */ = {isa = PBXFileReference; lastKnownFileType = text.plist.xml; path = Info.plist; sourceTree = "<group>"; };
		608D18F123E091DC00BFE7C7 /* iOS-ChallengeTests.xctest */ = {isa = PBXFileReference; explicitFileType = wrapper.cfbundle; includeInIndex = 0; path = "iOS-ChallengeTests.xctest"; sourceTree = BUILT_PRODUCTS_DIR; };
		608D18F523E091DC00BFE7C7 /* iOS_ChallengeTests.swift */ = {isa = PBXFileReference; lastKnownFileType = sourcecode.swift; path = iOS_ChallengeTests.swift; sourceTree = "<group>"; };
		608D18F723E091DC00BFE7C7 /* Info.plist */ = {isa = PBXFileReference; lastKnownFileType = text.plist.xml; path = Info.plist; sourceTree = "<group>"; };
		608D18FC23E091DC00BFE7C7 /* iOS-ChallengeUITests.xctest */ = {isa = PBXFileReference; explicitFileType = wrapper.cfbundle; includeInIndex = 0; path = "iOS-ChallengeUITests.xctest"; sourceTree = BUILT_PRODUCTS_DIR; };
		608D190023E091DC00BFE7C7 /* iOS_ChallengeUITests.swift */ = {isa = PBXFileReference; lastKnownFileType = sourcecode.swift; path = iOS_ChallengeUITests.swift; sourceTree = "<group>"; };
		608D190223E091DC00BFE7C7 /* Info.plist */ = {isa = PBXFileReference; lastKnownFileType = text.plist.xml; path = Info.plist; sourceTree = "<group>"; };
		60F3961B23E996C000AA2913 /* Alamofire+Decodable.swift */ = {isa = PBXFileReference; lastKnownFileType = sourcecode.swift; path = "Alamofire+Decodable.swift"; sourceTree = "<group>"; };
		60F3961D23E997E400AA2913 /* AccessTokenResponse.swift */ = {isa = PBXFileReference; lastKnownFileType = sourcecode.swift; path = AccessTokenResponse.swift; sourceTree = "<group>"; };
		6ABBBC8954A85B69F34446E4 /* Pods-iOS-Challenge-iOS-ChallengeUITests.debug.xcconfig */ = {isa = PBXFileReference; includeInIndex = 1; lastKnownFileType = text.xcconfig; name = "Pods-iOS-Challenge-iOS-ChallengeUITests.debug.xcconfig"; path = "Target Support Files/Pods-iOS-Challenge-iOS-ChallengeUITests/Pods-iOS-Challenge-iOS-ChallengeUITests.debug.xcconfig"; sourceTree = "<group>"; };
		6F25064E8452F508919CED9A /* Pods-iOS-Challenge.release.xcconfig */ = {isa = PBXFileReference; includeInIndex = 1; lastKnownFileType = text.xcconfig; name = "Pods-iOS-Challenge.release.xcconfig"; path = "Target Support Files/Pods-iOS-Challenge/Pods-iOS-Challenge.release.xcconfig"; sourceTree = "<group>"; };
		821BC672C50ED49B8E7A4C38 /* Pods-Domain.debug.xcconfig */ = {isa = PBXFileReference; includeInIndex = 1; lastKnownFileType = text.xcconfig; name = "Pods-Domain.debug.xcconfig"; path = "Target Support Files/Pods-Domain/Pods-Domain.debug.xcconfig"; sourceTree = "<group>"; };
		87B6293AD8B0C1F3477542F8 /* Pods-NetworkPlatformTests.release.xcconfig */ = {isa = PBXFileReference; includeInIndex = 1; lastKnownFileType = text.xcconfig; name = "Pods-NetworkPlatformTests.release.xcconfig"; path = "Target Support Files/Pods-NetworkPlatformTests/Pods-NetworkPlatformTests.release.xcconfig"; sourceTree = "<group>"; };
		AB16E9A7B1800A0A54D51034 /* Pods-NetworkPlatform.debug.xcconfig */ = {isa = PBXFileReference; includeInIndex = 1; lastKnownFileType = text.xcconfig; name = "Pods-NetworkPlatform.debug.xcconfig"; path = "Target Support Files/Pods-NetworkPlatform/Pods-NetworkPlatform.debug.xcconfig"; sourceTree = "<group>"; };
		AD5D578124802144007575B6 /* TableView+Ext.swift */ = {isa = PBXFileReference; lastKnownFileType = sourcecode.swift; path = "TableView+Ext.swift"; sourceTree = "<group>"; };
		AD6078212480605C002FE6C4 /* CommitsController.swift */ = {isa = PBXFileReference; lastKnownFileType = sourcecode.swift; path = CommitsController.swift; sourceTree = "<group>"; };
		AD6078222480605C002FE6C4 /* CommitsController.xib */ = {isa = PBXFileReference; lastKnownFileType = file.xib; path = CommitsController.xib; sourceTree = "<group>"; };
		AD607825248060B3002FE6C4 /* CommitsNavigator.swift */ = {isa = PBXFileReference; lastKnownFileType = sourcecode.swift; path = CommitsNavigator.swift; sourceTree = "<group>"; };
		AD607827248060CB002FE6C4 /* CommitsViewModel.swift */ = {isa = PBXFileReference; lastKnownFileType = sourcecode.swift; path = CommitsViewModel.swift; sourceTree = "<group>"; };
		AD60782B24806A26002FE6C4 /* CommitViewCell.swift */ = {isa = PBXFileReference; lastKnownFileType = sourcecode.swift; path = CommitViewCell.swift; sourceTree = "<group>"; };
		AD60782C24806A26002FE6C4 /* CommitViewCell.xib */ = {isa = PBXFileReference; lastKnownFileType = file.xib; path = CommitViewCell.xib; sourceTree = "<group>"; };
		AD60782F24806A41002FE6C4 /* CommitsCellViewModel.swift */ = {isa = PBXFileReference; lastKnownFileType = sourcecode.swift; path = CommitsCellViewModel.swift; sourceTree = "<group>"; };
		AD60783124806DD7002FE6C4 /* CommitActorItem.swift */ = {isa = PBXFileReference; lastKnownFileType = sourcecode.swift; path = CommitActorItem.swift; sourceTree = "<group>"; };
		AD607833248107D7002FE6C4 /* CommitsUseCase.swift */ = {isa = PBXFileReference; lastKnownFileType = sourcecode.swift; path = CommitsUseCase.swift; sourceTree = "<group>"; };
		AD60783524810F4A002FE6C4 /* CommitsNetwork.swift */ = {isa = PBXFileReference; lastKnownFileType = sourcecode.swift; path = CommitsNetwork.swift; sourceTree = "<group>"; };
		AD60783724811071002FE6C4 /* CommitsUseCase.swift */ = {isa = PBXFileReference; lastKnownFileType = sourcecode.swift; path = CommitsUseCase.swift; sourceTree = "<group>"; };
		AD60783A248146AD002FE6C4 /* ProfileController.swift */ = {isa = PBXFileReference; lastKnownFileType = sourcecode.swift; path = ProfileController.swift; sourceTree = "<group>"; };
		AD60783B248146AD002FE6C4 /* ProfileController.xib */ = {isa = PBXFileReference; lastKnownFileType = file.xib; path = ProfileController.xib; sourceTree = "<group>"; };
		AD60783E248146EE002FE6C4 /* ProfileNavigator.swift */ = {isa = PBXFileReference; lastKnownFileType = sourcecode.swift; path = ProfileNavigator.swift; sourceTree = "<group>"; };
		AD607840248147C0002FE6C4 /* ProfileViewModel.swift */ = {isa = PBXFileReference; lastKnownFileType = sourcecode.swift; path = ProfileViewModel.swift; sourceTree = "<group>"; };
		AD60784224814B35002FE6C4 /* ProfileUseCase.swift */ = {isa = PBXFileReference; lastKnownFileType = sourcecode.swift; path = ProfileUseCase.swift; sourceTree = "<group>"; };
		AD60784424814B84002FE6C4 /* ProfileNetwork.swift */ = {isa = PBXFileReference; lastKnownFileType = sourcecode.swift; path = ProfileNetwork.swift; sourceTree = "<group>"; };
		AD60784624815184002FE6C4 /* ImageView+Ext.swift */ = {isa = PBXFileReference; lastKnownFileType = sourcecode.swift; path = "ImageView+Ext.swift"; sourceTree = "<group>"; };
		AD6B0FA2247AD7DF004158B2 /* UseCaseProvider.swift */ = {isa = PBXFileReference; fileEncoding = 4; lastKnownFileType = sourcecode.swift; path = UseCaseProvider.swift; sourceTree = "<group>"; };
		AD6B0FA6247ADEDB004158B2 /* RepositoriesModel.swift */ = {isa = PBXFileReference; lastKnownFileType = sourcecode.swift; path = RepositoriesModel.swift; sourceTree = "<group>"; };
		AD6B0FA8247ADF27004158B2 /* CommitsModel.swift */ = {isa = PBXFileReference; lastKnownFileType = sourcecode.swift; path = CommitsModel.swift; sourceTree = "<group>"; };
		AD6B0FAA247AE23D004158B2 /* RepositoryItem.swift */ = {isa = PBXFileReference; lastKnownFileType = sourcecode.swift; path = RepositoryItem.swift; sourceTree = "<group>"; };
		AD6B0FAC247AE32C004158B2 /* CommitItem.swift */ = {isa = PBXFileReference; lastKnownFileType = sourcecode.swift; path = CommitItem.swift; sourceTree = "<group>"; };
		AD6B0FAE247B088C004158B2 /* UserModel.swift */ = {isa = PBXFileReference; lastKnownFileType = sourcecode.swift; path = UserModel.swift; sourceTree = "<group>"; };
		AD6B0FB1247B1ACF004158B2 /* RepositorySearchNetwork.swift */ = {isa = PBXFileReference; lastKnownFileType = sourcecode.swift; path = RepositorySearchNetwork.swift; sourceTree = "<group>"; };
		AD6B0FB4247B2C17004158B2 /* UseCaseProvider.swift */ = {isa = PBXFileReference; fileEncoding = 4; lastKnownFileType = sourcecode.swift; path = UseCaseProvider.swift; sourceTree = "<group>"; };
		AD6B0FB6247B2C83004158B2 /* SearchRepositoryUseCase.swift */ = {isa = PBXFileReference; lastKnownFileType = sourcecode.swift; path = SearchRepositoryUseCase.swift; sourceTree = "<group>"; };
		AD6B0FB8247B2FBF004158B2 /* SearchRepositoryUseCase.swift */ = {isa = PBXFileReference; lastKnownFileType = sourcecode.swift; path = SearchRepositoryUseCase.swift; sourceTree = "<group>"; };
		AD6B0FBE247B393F004158B2 /* ReporitoriesViewController.swift */ = {isa = PBXFileReference; lastKnownFileType = sourcecode.swift; path = ReporitoriesViewController.swift; sourceTree = "<group>"; };
		AD6B0FBF247B393F004158B2 /* ReporitoriesViewController.xib */ = {isa = PBXFileReference; lastKnownFileType = file.xib; path = ReporitoriesViewController.xib; sourceTree = "<group>"; };
		AD6B0FC2247B3977004158B2 /* RepositoriesNavigator.swift */ = {isa = PBXFileReference; lastKnownFileType = sourcecode.swift; path = RepositoriesNavigator.swift; sourceTree = "<group>"; };
		AD6B0FC5247B3A25004158B2 /* RepositoriesViewModel.swift */ = {isa = PBXFileReference; lastKnownFileType = sourcecode.swift; path = RepositoriesViewModel.swift; sourceTree = "<group>"; };
		AD6B0FC8247B3A69004158B2 /* ViewModelType.swift */ = {isa = PBXFileReference; lastKnownFileType = sourcecode.swift; path = ViewModelType.swift; sourceTree = "<group>"; };
		AD6B0FCC247B4173004158B2 /* RepositoryCellViewModel.swift */ = {isa = PBXFileReference; lastKnownFileType = sourcecode.swift; path = RepositoryCellViewModel.swift; sourceTree = "<group>"; };
		AD6B0FCE247B44E1004158B2 /* ErrorTracker.swift */ = {isa = PBXFileReference; fileEncoding = 4; lastKnownFileType = sourcecode.swift; path = ErrorTracker.swift; sourceTree = "<group>"; };
		AD6B0FCF247B44E1004158B2 /* ActivityIndicator.swift */ = {isa = PBXFileReference; fileEncoding = 4; lastKnownFileType = sourcecode.swift; path = ActivityIndicator.swift; sourceTree = "<group>"; };
		AD6B0FD2247B4529004158B2 /* Error+CustomResponse.swift */ = {isa = PBXFileReference; fileEncoding = 4; lastKnownFileType = sourcecode.swift; path = "Error+CustomResponse.swift"; sourceTree = "<group>"; };
		AD6B0FD3247B4529004158B2 /* Observable+Ext.swift */ = {isa = PBXFileReference; fileEncoding = 4; lastKnownFileType = sourcecode.swift; path = "Observable+Ext.swift"; sourceTree = "<group>"; };
		AD6B0FD4247B4529004158B2 /* String+CustomTools.swift */ = {isa = PBXFileReference; fileEncoding = 4; lastKnownFileType = sourcecode.swift; path = "String+CustomTools.swift"; sourceTree = "<group>"; };
		AD6B0FD8247BBB59004158B2 /* RepositoryViewCell.swift */ = {isa = PBXFileReference; lastKnownFileType = sourcecode.swift; path = RepositoryViewCell.swift; sourceTree = "<group>"; };
		AD6B0FD9247BBB59004158B2 /* RepositoryViewCell.xib */ = {isa = PBXFileReference; lastKnownFileType = file.xib; path = RepositoryViewCell.xib; sourceTree = "<group>"; };
		AD6B0FDC247BBF68004158B2 /* CustomCell.swift */ = {isa = PBXFileReference; lastKnownFileType = sourcecode.swift; path = CustomCell.swift; sourceTree = "<group>"; };
		AD6B0FE0247BED01004158B2 /* MainNavigationController.swift */ = {isa = PBXFileReference; fileEncoding = 4; lastKnownFileType = sourcecode.swift; path = MainNavigationController.swift; sourceTree = "<group>"; };
		AD95A754247AA57000B58056 /* Domain.framework */ = {isa = PBXFileReference; explicitFileType = wrapper.framework; includeInIndex = 0; path = Domain.framework; sourceTree = BUILT_PRODUCTS_DIR; };
		AD95A756247AA57000B58056 /* Domain.h */ = {isa = PBXFileReference; lastKnownFileType = sourcecode.c.h; path = Domain.h; sourceTree = "<group>"; };
		AD95A757247AA57000B58056 /* Info.plist */ = {isa = PBXFileReference; lastKnownFileType = text.plist.xml; path = Info.plist; sourceTree = "<group>"; };
		AD95A75C247AA57000B58056 /* DomainTests.xctest */ = {isa = PBXFileReference; explicitFileType = wrapper.cfbundle; includeInIndex = 0; path = DomainTests.xctest; sourceTree = BUILT_PRODUCTS_DIR; };
		AD95A763247AA57000B58056 /* DomainTests.swift */ = {isa = PBXFileReference; lastKnownFileType = sourcecode.swift; path = DomainTests.swift; sourceTree = "<group>"; };
		AD95A765247AA57000B58056 /* Info.plist */ = {isa = PBXFileReference; lastKnownFileType = text.plist.xml; path = Info.plist; sourceTree = "<group>"; };
		AD95A77B247AAC5A00B58056 /* NetworkPlatform.framework */ = {isa = PBXFileReference; explicitFileType = wrapper.framework; includeInIndex = 0; path = NetworkPlatform.framework; sourceTree = BUILT_PRODUCTS_DIR; };
		AD95A77D247AAC5B00B58056 /* NetworkPlatform.h */ = {isa = PBXFileReference; lastKnownFileType = sourcecode.c.h; path = NetworkPlatform.h; sourceTree = "<group>"; };
		AD95A77E247AAC5B00B58056 /* Info.plist */ = {isa = PBXFileReference; lastKnownFileType = text.plist.xml; path = Info.plist; sourceTree = "<group>"; };
		AD95A783247AAC5B00B58056 /* NetworkPlatformTests.xctest */ = {isa = PBXFileReference; explicitFileType = wrapper.cfbundle; includeInIndex = 0; path = NetworkPlatformTests.xctest; sourceTree = BUILT_PRODUCTS_DIR; };
		AD95A78A247AAC5B00B58056 /* NetworkPlatformTests.swift */ = {isa = PBXFileReference; lastKnownFileType = sourcecode.swift; path = NetworkPlatformTests.swift; sourceTree = "<group>"; };
		AD95A78C247AAC5B00B58056 /* Info.plist */ = {isa = PBXFileReference; lastKnownFileType = text.plist.xml; path = Info.plist; sourceTree = "<group>"; };
		AD95A79E247AACD600B58056 /* EncodableExtension.swift */ = {isa = PBXFileReference; fileEncoding = 4; lastKnownFileType = sourcecode.swift; path = EncodableExtension.swift; sourceTree = "<group>"; };
		AD95A79F247AACD600B58056 /* ResponseAnalytics.swift */ = {isa = PBXFileReference; fileEncoding = 4; lastKnownFileType = sourcecode.swift; path = ResponseAnalytics.swift; sourceTree = "<group>"; };
		AD95A7A0247AACD600B58056 /* DateFormatterExtension.swift */ = {isa = PBXFileReference; fileEncoding = 4; lastKnownFileType = sourcecode.swift; path = DateFormatterExtension.swift; sourceTree = "<group>"; };
		AD95A7A4247AACD600B58056 /* Network.swift */ = {isa = PBXFileReference; fileEncoding = 4; lastKnownFileType = sourcecode.swift; path = Network.swift; sourceTree = "<group>"; };
		AD95A7A6247AACD600B58056 /* NetworkProvider.swift */ = {isa = PBXFileReference; fileEncoding = 4; lastKnownFileType = sourcecode.swift; path = NetworkProvider.swift; sourceTree = "<group>"; };
		AD95A7B2247AB18D00B58056 /* Constants.swift */ = {isa = PBXFileReference; fileEncoding = 4; lastKnownFileType = sourcecode.swift; path = Constants.swift; sourceTree = "<group>"; };
		AD95A7B3247AB18D00B58056 /* ErrorTypes.swift */ = {isa = PBXFileReference; fileEncoding = 4; lastKnownFileType = sourcecode.swift; path = ErrorTypes.swift; sourceTree = "<group>"; };
		AD95A7B7247AB18D00B58056 /* AuthenticationStatus.swift */ = {isa = PBXFileReference; fileEncoding = 4; lastKnownFileType = sourcecode.swift; path = AuthenticationStatus.swift; sourceTree = "<group>"; };
		AD95A7BE247ABABD00B58056 /* ProfileNetworkModel.swift */ = {isa = PBXFileReference; fileEncoding = 4; lastKnownFileType = sourcecode.swift; path = ProfileNetworkModel.swift; sourceTree = "<group>"; };
		AD95A7C0247ABB0100B58056 /* InteractiveModelType.swift */ = {isa = PBXFileReference; fileEncoding = 4; lastKnownFileType = sourcecode.swift; path = InteractiveModelType.swift; sourceTree = "<group>"; };
		AD95A7C2247ABE2B00B58056 /* AvatarModel.swift */ = {isa = PBXFileReference; fileEncoding = 4; lastKnownFileType = sourcecode.swift; path = AvatarModel.swift; sourceTree = "<group>"; };
		BB82236D9B814D5098036915 /* Pods-DomainTests.release.xcconfig */ = {isa = PBXFileReference; includeInIndex = 1; lastKnownFileType = text.xcconfig; name = "Pods-DomainTests.release.xcconfig"; path = "Target Support Files/Pods-DomainTests/Pods-DomainTests.release.xcconfig"; sourceTree = "<group>"; };
		D5C4657FF87EE7C6D8082139 /* Pods-NetworkPlatformTests.debug.xcconfig */ = {isa = PBXFileReference; includeInIndex = 1; lastKnownFileType = text.xcconfig; name = "Pods-NetworkPlatformTests.debug.xcconfig"; path = "Target Support Files/Pods-NetworkPlatformTests/Pods-NetworkPlatformTests.debug.xcconfig"; sourceTree = "<group>"; };
		DA0DAD90B1F967F35F4428C8 /* Pods_iOS_ChallengeTests.framework */ = {isa = PBXFileReference; explicitFileType = wrapper.framework; includeInIndex = 0; path = Pods_iOS_ChallengeTests.framework; sourceTree = BUILT_PRODUCTS_DIR; };
		DA6FBBA8D6EF9F89EC97B586 /* Pods_NetworkPlatformTests.framework */ = {isa = PBXFileReference; explicitFileType = wrapper.framework; includeInIndex = 0; path = Pods_NetworkPlatformTests.framework; sourceTree = BUILT_PRODUCTS_DIR; };
		E61D224421BF5714CEAB7504 /* Pods-iOS-Challenge-iOS-ChallengeUITests.release.xcconfig */ = {isa = PBXFileReference; includeInIndex = 1; lastKnownFileType = text.xcconfig; name = "Pods-iOS-Challenge-iOS-ChallengeUITests.release.xcconfig"; path = "Target Support Files/Pods-iOS-Challenge-iOS-ChallengeUITests/Pods-iOS-Challenge-iOS-ChallengeUITests.release.xcconfig"; sourceTree = "<group>"; };
		E7DA398FC06A0B03443418B7 /* Pods-iOS-ChallengeTests.release.xcconfig */ = {isa = PBXFileReference; includeInIndex = 1; lastKnownFileType = text.xcconfig; name = "Pods-iOS-ChallengeTests.release.xcconfig"; path = "Target Support Files/Pods-iOS-ChallengeTests/Pods-iOS-ChallengeTests.release.xcconfig"; sourceTree = "<group>"; };
/* End PBXFileReference section */

/* Begin PBXFrameworksBuildPhase section */
		608D18D823E091DB00BFE7C7 /* Frameworks */ = {
			isa = PBXFrameworksBuildPhase;
			buildActionMask = 2147483647;
			files = (
				AD95A769247AA57000B58056 /* Domain.framework in Frameworks */,
				AD95A790247AAC5B00B58056 /* NetworkPlatform.framework in Frameworks */,
				CE9ACAB5E03FBDFE2043F7EF /* Pods_iOS_Challenge.framework in Frameworks */,
			);
			runOnlyForDeploymentPostprocessing = 0;
		};
		608D18EE23E091DC00BFE7C7 /* Frameworks */ = {
			isa = PBXFrameworksBuildPhase;
			buildActionMask = 2147483647;
			files = (
				B933F4A3A804540C277A2A0E /* Pods_iOS_ChallengeTests.framework in Frameworks */,
			);
			runOnlyForDeploymentPostprocessing = 0;
		};
		608D18F923E091DC00BFE7C7 /* Frameworks */ = {
			isa = PBXFrameworksBuildPhase;
			buildActionMask = 2147483647;
			files = (
				51ABFA4108193A830D07D8B1 /* Pods_iOS_Challenge_iOS_ChallengeUITests.framework in Frameworks */,
			);
			runOnlyForDeploymentPostprocessing = 0;
		};
		AD95A751247AA57000B58056 /* Frameworks */ = {
			isa = PBXFrameworksBuildPhase;
			buildActionMask = 2147483647;
			files = (
				55528D9E9F2332A26D9E82A6 /* Pods_Domain.framework in Frameworks */,
			);
			runOnlyForDeploymentPostprocessing = 0;
		};
		AD95A759247AA57000B58056 /* Frameworks */ = {
			isa = PBXFrameworksBuildPhase;
			buildActionMask = 2147483647;
			files = (
				AD95A75D247AA57000B58056 /* Domain.framework in Frameworks */,
				50ED455DF77C0AE1663675A2 /* Pods_DomainTests.framework in Frameworks */,
			);
			runOnlyForDeploymentPostprocessing = 0;
		};
		AD95A778247AAC5A00B58056 /* Frameworks */ = {
			isa = PBXFrameworksBuildPhase;
			buildActionMask = 2147483647;
			files = (
				AD95A798247AAC6700B58056 /* Domain.framework in Frameworks */,
				A694707816F411077F7B7BFF /* Pods_NetworkPlatform.framework in Frameworks */,
			);
			runOnlyForDeploymentPostprocessing = 0;
		};
		AD95A780247AAC5B00B58056 /* Frameworks */ = {
			isa = PBXFrameworksBuildPhase;
			buildActionMask = 2147483647;
			files = (
				AD95A784247AAC5B00B58056 /* NetworkPlatform.framework in Frameworks */,
				B3B1B678B42594290ED67BCF /* Pods_NetworkPlatformTests.framework in Frameworks */,
			);
			runOnlyForDeploymentPostprocessing = 0;
		};
/* End PBXFrameworksBuildPhase section */

/* Begin PBXGroup section */
		20C00BD18EC1F4ABBE0A79EB /* Pods */ = {
			isa = PBXGroup;
			children = (
				4CF87E523F98E04A4A667417 /* Pods-iOS-Challenge.debug.xcconfig */,
				6F25064E8452F508919CED9A /* Pods-iOS-Challenge.release.xcconfig */,
				6ABBBC8954A85B69F34446E4 /* Pods-iOS-Challenge-iOS-ChallengeUITests.debug.xcconfig */,
				E61D224421BF5714CEAB7504 /* Pods-iOS-Challenge-iOS-ChallengeUITests.release.xcconfig */,
				2075C2B6642464659DF42D34 /* Pods-iOS-ChallengeTests.debug.xcconfig */,
				E7DA398FC06A0B03443418B7 /* Pods-iOS-ChallengeTests.release.xcconfig */,
				821BC672C50ED49B8E7A4C38 /* Pods-Domain.debug.xcconfig */,
				452EBB03A5742361A34EB8BD /* Pods-Domain.release.xcconfig */,
				2B819B8EBC542565124C4EFB /* Pods-DomainTests.debug.xcconfig */,
				BB82236D9B814D5098036915 /* Pods-DomainTests.release.xcconfig */,
				AB16E9A7B1800A0A54D51034 /* Pods-NetworkPlatform.debug.xcconfig */,
				2DFB747B8FA07EE997CC0341 /* Pods-NetworkPlatform.release.xcconfig */,
				D5C4657FF87EE7C6D8082139 /* Pods-NetworkPlatformTests.debug.xcconfig */,
				87B6293AD8B0C1F3477542F8 /* Pods-NetworkPlatformTests.release.xcconfig */,
			);
			path = Pods;
			sourceTree = "<group>";
		};
		608D18D223E091DB00BFE7C7 = {
			isa = PBXGroup;
			children = (
				608D18DD23E091DB00BFE7C7 /* iOS-Challenge */,
				608D18F423E091DC00BFE7C7 /* iOS-ChallengeTests */,
				608D18FF23E091DC00BFE7C7 /* iOS-ChallengeUITests */,
				AD95A755247AA57000B58056 /* Domain */,
				AD95A762247AA57000B58056 /* DomainTests */,
				AD95A77C247AAC5B00B58056 /* NetworkPlatform */,
				AD95A789247AAC5B00B58056 /* NetworkPlatformTests */,
				608D18DC23E091DB00BFE7C7 /* Products */,
				20C00BD18EC1F4ABBE0A79EB /* Pods */,
				9E97234477426D684DD9BFA1 /* Frameworks */,
			);
			sourceTree = "<group>";
		};
		608D18DC23E091DB00BFE7C7 /* Products */ = {
			isa = PBXGroup;
			children = (
				608D18DB23E091DB00BFE7C7 /* iOS-Challenge.app */,
				608D18F123E091DC00BFE7C7 /* iOS-ChallengeTests.xctest */,
				608D18FC23E091DC00BFE7C7 /* iOS-ChallengeUITests.xctest */,
				AD95A754247AA57000B58056 /* Domain.framework */,
				AD95A75C247AA57000B58056 /* DomainTests.xctest */,
				AD95A77B247AAC5A00B58056 /* NetworkPlatform.framework */,
				AD95A783247AAC5B00B58056 /* NetworkPlatformTests.xctest */,
			);
			name = Products;
			sourceTree = "<group>";
		};
		608D18DD23E091DB00BFE7C7 /* iOS-Challenge */ = {
			isa = PBXGroup;
			children = (
				AD6B0FBA247B3847004158B2 /* Scene */,
				608D18DE23E091DB00BFE7C7 /* AppDelegate.swift */,
				608D18E223E091DB00BFE7C7 /* ViewController.swift */,
				608D18E423E091DB00BFE7C7 /* Main.storyboard */,
				608D18E723E091DC00BFE7C7 /* Assets.xcassets */,
				608D18E923E091DC00BFE7C7 /* LaunchScreen.storyboard */,
				608D18EC23E091DC00BFE7C7 /* Info.plist */,
				60F3961B23E996C000AA2913 /* Alamofire+Decodable.swift */,
				60F3961D23E997E400AA2913 /* AccessTokenResponse.swift */,
			);
			path = "iOS-Challenge";
			sourceTree = "<group>";
		};
		608D18F423E091DC00BFE7C7 /* iOS-ChallengeTests */ = {
			isa = PBXGroup;
			children = (
				608D18F523E091DC00BFE7C7 /* iOS_ChallengeTests.swift */,
				608D18F723E091DC00BFE7C7 /* Info.plist */,
			);
			path = "iOS-ChallengeTests";
			sourceTree = "<group>";
		};
		608D18FF23E091DC00BFE7C7 /* iOS-ChallengeUITests */ = {
			isa = PBXGroup;
			children = (
				608D190023E091DC00BFE7C7 /* iOS_ChallengeUITests.swift */,
				608D190223E091DC00BFE7C7 /* Info.plist */,
			);
			path = "iOS-ChallengeUITests";
			sourceTree = "<group>";
		};
		9E97234477426D684DD9BFA1 /* Frameworks */ = {
			isa = PBXGroup;
			children = (
				343AA1B7E69338FA2B3688AA /* Pods_iOS_Challenge.framework */,
				1472B44674D823777D29C897 /* Pods_iOS_Challenge_iOS_ChallengeUITests.framework */,
				DA0DAD90B1F967F35F4428C8 /* Pods_iOS_ChallengeTests.framework */,
				1BF70FA47C6CF436613B0A6F /* Pods_Domain.framework */,
				2D95A23DC125A0ECB0E399A0 /* Pods_DomainTests.framework */,
				5B3C3B4E83450FB7E6CB2B8D /* Pods_NetworkPlatform.framework */,
				DA6FBBA8D6EF9F89EC97B586 /* Pods_NetworkPlatformTests.framework */,
			);
			name = Frameworks;
			sourceTree = "<group>";
		};
		AD6078202480602A002FE6C4 /* VM */ = {
			isa = PBXGroup;
			children = (
				AD607827248060CB002FE6C4 /* CommitsViewModel.swift */,
			);
			path = VM;
			sourceTree = "<group>";
		};
		AD607829248069EE002FE6C4 /* Cell */ = {
			isa = PBXGroup;
			children = (
				AD60782A248069FB002FE6C4 /* VM */,
				AD60782B24806A26002FE6C4 /* CommitViewCell.swift */,
				AD60782C24806A26002FE6C4 /* CommitViewCell.xib */,
			);
			path = Cell;
			sourceTree = "<group>";
		};
		AD60782A248069FB002FE6C4 /* VM */ = {
			isa = PBXGroup;
			children = (
				AD60782F24806A41002FE6C4 /* CommitsCellViewModel.swift */,
			);
			path = VM;
			sourceTree = "<group>";
		};
		AD60783924814676002FE6C4 /* VM */ = {
			isa = PBXGroup;
			children = (
				AD607840248147C0002FE6C4 /* ProfileViewModel.swift */,
			);
			path = VM;
			sourceTree = "<group>";
		};
		AD6B0FA1247AD778004158B2 /* UseCases */ = {
			isa = PBXGroup;
			children = (
				AD6B0FA2247AD7DF004158B2 /* UseCaseProvider.swift */,
				AD6B0FB6247B2C83004158B2 /* SearchRepositoryUseCase.swift */,
				AD607833248107D7002FE6C4 /* CommitsUseCase.swift */,
				AD60784224814B35002FE6C4 /* ProfileUseCase.swift */,
			);
			path = UseCases;
			sourceTree = "<group>";
		};
		AD6B0FB0247B1AA8004158B2 /* API */ = {
			isa = PBXGroup;
			children = (
				AD6B0FB1247B1ACF004158B2 /* RepositorySearchNetwork.swift */,
				AD60783524810F4A002FE6C4 /* CommitsNetwork.swift */,
				AD60784424814B84002FE6C4 /* ProfileNetwork.swift */,
			);
			path = API;
			sourceTree = "<group>";
		};
		AD6B0FB3247B2BCA004158B2 /* UseCases */ = {
			isa = PBXGroup;
			children = (
				AD6B0FB4247B2C17004158B2 /* UseCaseProvider.swift */,
				AD6B0FB8247B2FBF004158B2 /* SearchRepositoryUseCase.swift */,
				AD60783724811071002FE6C4 /* CommitsUseCase.swift */,
			);
			path = UseCases;
			sourceTree = "<group>";
		};
		AD6B0FBA247B3847004158B2 /* Scene */ = {
			isa = PBXGroup;
			children = (
				AD6B0FC7247B3A51004158B2 /* Common */,
				AD6B0FBD247B3887004158B2 /* Profile */,
				AD6B0FBC247B386C004158B2 /* Commits */,
				AD6B0FBB247B3858004158B2 /* Repositories */,
			);
			path = Scene;
			sourceTree = "<group>";
		};
		AD6B0FBB247B3858004158B2 /* Repositories */ = {
			isa = PBXGroup;
			children = (
				AD6B0FCA247B4144004158B2 /* Cell */,
				AD6B0FC4247B3A07004158B2 /* VM */,
				AD6B0FBE247B393F004158B2 /* ReporitoriesViewController.swift */,
				AD6B0FBF247B393F004158B2 /* ReporitoriesViewController.xib */,
				AD6B0FC2247B3977004158B2 /* RepositoriesNavigator.swift */,
			);
			path = Repositories;
			sourceTree = "<group>";
		};
		AD6B0FBC247B386C004158B2 /* Commits */ = {
			isa = PBXGroup;
			children = (
				AD607829248069EE002FE6C4 /* Cell */,
				AD6078202480602A002FE6C4 /* VM */,
				AD6078212480605C002FE6C4 /* CommitsController.swift */,
				AD6078222480605C002FE6C4 /* CommitsController.xib */,
				AD607825248060B3002FE6C4 /* CommitsNavigator.swift */,
			);
			path = Commits;
			sourceTree = "<group>";
		};
		AD6B0FBD247B3887004158B2 /* Profile */ = {
			isa = PBXGroup;
			children = (
				AD60783924814676002FE6C4 /* VM */,
				AD60783A248146AD002FE6C4 /* ProfileController.swift */,
				AD60783B248146AD002FE6C4 /* ProfileController.xib */,
				AD60783E248146EE002FE6C4 /* ProfileNavigator.swift */,
			);
			path = Profile;
			sourceTree = "<group>";
		};
		AD6B0FC4247B3A07004158B2 /* VM */ = {
			isa = PBXGroup;
			children = (
				AD6B0FC5247B3A25004158B2 /* RepositoriesViewModel.swift */,
			);
			path = VM;
			sourceTree = "<group>";
		};
		AD6B0FC7247B3A51004158B2 /* Common */ = {
			isa = PBXGroup;
			children = (
				AD6B0FE0247BED01004158B2 /* MainNavigationController.swift */,
				AD6B0FD2247B4529004158B2 /* Error+CustomResponse.swift */,
				AD6B0FD3247B4529004158B2 /* Observable+Ext.swift */,
				AD6B0FD4247B4529004158B2 /* String+CustomTools.swift */,
				AD6B0FCF247B44E1004158B2 /* ActivityIndicator.swift */,
				AD6B0FCE247B44E1004158B2 /* ErrorTracker.swift */,
				AD6B0FC8247B3A69004158B2 /* ViewModelType.swift */,
				AD6B0FDC247BBF68004158B2 /* CustomCell.swift */,
				AD5D578124802144007575B6 /* TableView+Ext.swift */,
				AD60784624815184002FE6C4 /* ImageView+Ext.swift */,
			);
			path = Common;
			sourceTree = "<group>";
		};
		AD6B0FCA247B4144004158B2 /* Cell */ = {
			isa = PBXGroup;
			children = (
				AD6B0FCB247B414E004158B2 /* VM */,
				AD6B0FD8247BBB59004158B2 /* RepositoryViewCell.swift */,
				AD6B0FD9247BBB59004158B2 /* RepositoryViewCell.xib */,
			);
			path = Cell;
			sourceTree = "<group>";
		};
		AD6B0FCB247B414E004158B2 /* VM */ = {
			isa = PBXGroup;
			children = (
				AD6B0FCC247B4173004158B2 /* RepositoryCellViewModel.swift */,
			);
			path = VM;
			sourceTree = "<group>";
		};
		AD95A755247AA57000B58056 /* Domain */ = {
			isa = PBXGroup;
			children = (
				AD6B0FA1247AD778004158B2 /* UseCases */,
				AD95A7BD247ABA9E00B58056 /* Entities */,
				AD95A7B1247AB18D00B58056 /* Enums */,
				AD95A756247AA57000B58056 /* Domain.h */,
				AD95A757247AA57000B58056 /* Info.plist */,
			);
			path = Domain;
			sourceTree = "<group>";
		};
		AD95A762247AA57000B58056 /* DomainTests */ = {
			isa = PBXGroup;
			children = (
				AD95A763247AA57000B58056 /* DomainTests.swift */,
				AD95A765247AA57000B58056 /* Info.plist */,
			);
			path = DomainTests;
			sourceTree = "<group>";
		};
		AD95A77C247AAC5B00B58056 /* NetworkPlatform */ = {
			isa = PBXGroup;
			children = (
				AD6B0FB3247B2BCA004158B2 /* UseCases */,
				AD6B0FB0247B1AA8004158B2 /* API */,
				AD95A7A1247AACD600B58056 /* Network */,
				AD95A79D247AACD600B58056 /* Utils */,
				AD95A77D247AAC5B00B58056 /* NetworkPlatform.h */,
				AD95A77E247AAC5B00B58056 /* Info.plist */,
			);
			path = NetworkPlatform;
			sourceTree = "<group>";
		};
		AD95A789247AAC5B00B58056 /* NetworkPlatformTests */ = {
			isa = PBXGroup;
			children = (
				AD95A78A247AAC5B00B58056 /* NetworkPlatformTests.swift */,
				AD95A78C247AAC5B00B58056 /* Info.plist */,
			);
			path = NetworkPlatformTests;
			sourceTree = "<group>";
		};
		AD95A79D247AACD600B58056 /* Utils */ = {
			isa = PBXGroup;
			children = (
				AD95A79E247AACD600B58056 /* EncodableExtension.swift */,
				AD95A79F247AACD600B58056 /* ResponseAnalytics.swift */,
				AD95A7A0247AACD600B58056 /* DateFormatterExtension.swift */,
			);
			path = Utils;
			sourceTree = "<group>";
		};
		AD95A7A1247AACD600B58056 /* Network */ = {
			isa = PBXGroup;
			children = (
				AD95A7A4247AACD600B58056 /* Network.swift */,
				AD95A7A6247AACD600B58056 /* NetworkProvider.swift */,
			);
			path = Network;
			sourceTree = "<group>";
		};
		AD95A7B1247AB18D00B58056 /* Enums */ = {
			isa = PBXGroup;
			children = (
				AD95A7B2247AB18D00B58056 /* Constants.swift */,
				AD95A7B3247AB18D00B58056 /* ErrorTypes.swift */,
				AD95A7B7247AB18D00B58056 /* AuthenticationStatus.swift */,
			);
			path = Enums;
			sourceTree = "<group>";
		};
		AD95A7BD247ABA9E00B58056 /* Entities */ = {
			isa = PBXGroup;
			children = (
				AD95A7C2247ABE2B00B58056 /* AvatarModel.swift */,
				AD95A7C0247ABB0100B58056 /* InteractiveModelType.swift */,
				AD95A7BE247ABABD00B58056 /* ProfileNetworkModel.swift */,
				AD6B0FA6247ADEDB004158B2 /* RepositoriesModel.swift */,
				AD6B0FA8247ADF27004158B2 /* CommitsModel.swift */,
				AD6B0FAA247AE23D004158B2 /* RepositoryItem.swift */,
				AD6B0FAC247AE32C004158B2 /* CommitItem.swift */,
				AD6B0FAE247B088C004158B2 /* UserModel.swift */,
				AD60783124806DD7002FE6C4 /* CommitActorItem.swift */,
			);
			path = Entities;
			sourceTree = "<group>";
		};
/* End PBXGroup section */

/* Begin PBXHeadersBuildPhase section */
		AD95A74F247AA57000B58056 /* Headers */ = {
			isa = PBXHeadersBuildPhase;
			buildActionMask = 2147483647;
			files = (
				AD95A766247AA57000B58056 /* Domain.h in Headers */,
			);
			runOnlyForDeploymentPostprocessing = 0;
		};
		AD95A776247AAC5A00B58056 /* Headers */ = {
			isa = PBXHeadersBuildPhase;
			buildActionMask = 2147483647;
			files = (
				AD95A78D247AAC5B00B58056 /* NetworkPlatform.h in Headers */,
			);
			runOnlyForDeploymentPostprocessing = 0;
		};
/* End PBXHeadersBuildPhase section */

/* Begin PBXNativeTarget section */
		608D18DA23E091DB00BFE7C7 /* iOS-Challenge */ = {
			isa = PBXNativeTarget;
			buildConfigurationList = 608D190523E091DC00BFE7C7 /* Build configuration list for PBXNativeTarget "iOS-Challenge" */;
			buildPhases = (
				683903C64A0B8960A4B2D4B1 /* [CP] Check Pods Manifest.lock */,
				608D18D723E091DB00BFE7C7 /* Sources */,
				608D18D823E091DB00BFE7C7 /* Frameworks */,
				608D18D923E091DB00BFE7C7 /* Resources */,
				01A28A84DC7D6AFA0B2C63F9 /* [CP] Embed Pods Frameworks */,
				AD95A74B247AA54E00B58056 /* Embed Frameworks */,
			);
			buildRules = (
			);
			dependencies = (
				AD95A768247AA57000B58056 /* PBXTargetDependency */,
				AD95A78F247AAC5B00B58056 /* PBXTargetDependency */,
			);
			name = "iOS-Challenge";
			productName = "iOS-Challenge";
			productReference = 608D18DB23E091DB00BFE7C7 /* iOS-Challenge.app */;
			productType = "com.apple.product-type.application";
		};
		608D18F023E091DC00BFE7C7 /* iOS-ChallengeTests */ = {
			isa = PBXNativeTarget;
			buildConfigurationList = 608D190823E091DC00BFE7C7 /* Build configuration list for PBXNativeTarget "iOS-ChallengeTests" */;
			buildPhases = (
				46618528AD9515DF85C79BA9 /* [CP] Check Pods Manifest.lock */,
				608D18ED23E091DC00BFE7C7 /* Sources */,
				608D18EE23E091DC00BFE7C7 /* Frameworks */,
				608D18EF23E091DC00BFE7C7 /* Resources */,
			);
			buildRules = (
			);
			dependencies = (
				608D18F323E091DC00BFE7C7 /* PBXTargetDependency */,
			);
			name = "iOS-ChallengeTests";
			productName = "iOS-ChallengeTests";
			productReference = 608D18F123E091DC00BFE7C7 /* iOS-ChallengeTests.xctest */;
			productType = "com.apple.product-type.bundle.unit-test";
		};
		608D18FB23E091DC00BFE7C7 /* iOS-ChallengeUITests */ = {
			isa = PBXNativeTarget;
			buildConfigurationList = 608D190B23E091DC00BFE7C7 /* Build configuration list for PBXNativeTarget "iOS-ChallengeUITests" */;
			buildPhases = (
				01AAEBE3DE5FF38A709E756E /* [CP] Check Pods Manifest.lock */,
				608D18F823E091DC00BFE7C7 /* Sources */,
				608D18F923E091DC00BFE7C7 /* Frameworks */,
				608D18FA23E091DC00BFE7C7 /* Resources */,
				0FB17E0874F2632207A00F00 /* [CP] Embed Pods Frameworks */,
			);
			buildRules = (
			);
			dependencies = (
				608D18FE23E091DC00BFE7C7 /* PBXTargetDependency */,
			);
			name = "iOS-ChallengeUITests";
			productName = "iOS-ChallengeUITests";
			productReference = 608D18FC23E091DC00BFE7C7 /* iOS-ChallengeUITests.xctest */;
			productType = "com.apple.product-type.bundle.ui-testing";
		};
		AD95A753247AA57000B58056 /* Domain */ = {
			isa = PBXNativeTarget;
			buildConfigurationList = AD95A76B247AA57000B58056 /* Build configuration list for PBXNativeTarget "Domain" */;
			buildPhases = (
				B64753CD7B5A52ACC01F3803 /* [CP] Check Pods Manifest.lock */,
				AD95A74F247AA57000B58056 /* Headers */,
				AD95A750247AA57000B58056 /* Sources */,
				AD95A751247AA57000B58056 /* Frameworks */,
				AD95A752247AA57000B58056 /* Resources */,
			);
			buildRules = (
			);
			dependencies = (
			);
			name = Domain;
			productName = Domain;
			productReference = AD95A754247AA57000B58056 /* Domain.framework */;
			productType = "com.apple.product-type.framework";
		};
		AD95A75B247AA57000B58056 /* DomainTests */ = {
			isa = PBXNativeTarget;
			buildConfigurationList = AD95A76E247AA57000B58056 /* Build configuration list for PBXNativeTarget "DomainTests" */;
			buildPhases = (
				AAFA2096C9269D2782AB7DA7 /* [CP] Check Pods Manifest.lock */,
				AD95A758247AA57000B58056 /* Sources */,
				AD95A759247AA57000B58056 /* Frameworks */,
				AD95A75A247AA57000B58056 /* Resources */,
				A4D4D022CA50E4CAA9FF718E /* [CP] Embed Pods Frameworks */,
			);
			buildRules = (
			);
			dependencies = (
				AD95A75F247AA57000B58056 /* PBXTargetDependency */,
				AD95A761247AA57000B58056 /* PBXTargetDependency */,
			);
			name = DomainTests;
			productName = DomainTests;
			productReference = AD95A75C247AA57000B58056 /* DomainTests.xctest */;
			productType = "com.apple.product-type.bundle.unit-test";
		};
		AD95A77A247AAC5A00B58056 /* NetworkPlatform */ = {
			isa = PBXNativeTarget;
			buildConfigurationList = AD95A792247AAC5B00B58056 /* Build configuration list for PBXNativeTarget "NetworkPlatform" */;
			buildPhases = (
				882B97E835B34E057146E328 /* [CP] Check Pods Manifest.lock */,
				AD95A776247AAC5A00B58056 /* Headers */,
				AD95A777247AAC5A00B58056 /* Sources */,
				AD95A778247AAC5A00B58056 /* Frameworks */,
				AD95A779247AAC5A00B58056 /* Resources */,
				AD95A79C247AAC6800B58056 /* Embed Frameworks */,
			);
			buildRules = (
			);
			dependencies = (
				AD95A79B247AAC6700B58056 /* PBXTargetDependency */,
			);
			name = NetworkPlatform;
			productName = NetworkPlatform;
			productReference = AD95A77B247AAC5A00B58056 /* NetworkPlatform.framework */;
			productType = "com.apple.product-type.framework";
		};
		AD95A782247AAC5B00B58056 /* NetworkPlatformTests */ = {
			isa = PBXNativeTarget;
			buildConfigurationList = AD95A795247AAC5B00B58056 /* Build configuration list for PBXNativeTarget "NetworkPlatformTests" */;
			buildPhases = (
				4808A2C2BA85284E386AB397 /* [CP] Check Pods Manifest.lock */,
				AD95A77F247AAC5B00B58056 /* Sources */,
				AD95A780247AAC5B00B58056 /* Frameworks */,
				AD95A781247AAC5B00B58056 /* Resources */,
				DED210263D7D1F65154B3883 /* [CP] Embed Pods Frameworks */,
			);
			buildRules = (
			);
			dependencies = (
				AD95A786247AAC5B00B58056 /* PBXTargetDependency */,
				AD95A788247AAC5B00B58056 /* PBXTargetDependency */,
			);
			name = NetworkPlatformTests;
			productName = NetworkPlatformTests;
			productReference = AD95A783247AAC5B00B58056 /* NetworkPlatformTests.xctest */;
			productType = "com.apple.product-type.bundle.unit-test";
		};
/* End PBXNativeTarget section */

/* Begin PBXProject section */
		608D18D323E091DB00BFE7C7 /* Project object */ = {
			isa = PBXProject;
			attributes = {
				LastSwiftUpdateCheck = 1150;
				LastUpgradeCheck = 1100;
				ORGANIZATIONNAME = "Farshad Mousalou";
				TargetAttributes = {
					608D18DA23E091DB00BFE7C7 = {
						CreatedOnToolsVersion = 11.0;
					};
					608D18F023E091DC00BFE7C7 = {
						CreatedOnToolsVersion = 11.0;
						TestTargetID = 608D18DA23E091DB00BFE7C7;
					};
					608D18FB23E091DC00BFE7C7 = {
						CreatedOnToolsVersion = 11.0;
						TestTargetID = 608D18DA23E091DB00BFE7C7;
					};
					AD95A753247AA57000B58056 = {
						CreatedOnToolsVersion = 11.5;
					};
					AD95A75B247AA57000B58056 = {
						CreatedOnToolsVersion = 11.5;
						TestTargetID = 608D18DA23E091DB00BFE7C7;
					};
					AD95A77A247AAC5A00B58056 = {
						CreatedOnToolsVersion = 11.5;
					};
					AD95A782247AAC5B00B58056 = {
						CreatedOnToolsVersion = 11.5;
						TestTargetID = 608D18DA23E091DB00BFE7C7;
					};
				};
			};
			buildConfigurationList = 608D18D623E091DB00BFE7C7 /* Build configuration list for PBXProject "iOS-Challenge" */;
			compatibilityVersion = "Xcode 9.3";
			developmentRegion = en;
			hasScannedForEncodings = 0;
			knownRegions = (
				en,
				Base,
			);
			mainGroup = 608D18D223E091DB00BFE7C7;
			productRefGroup = 608D18DC23E091DB00BFE7C7 /* Products */;
			projectDirPath = "";
			projectRoot = "";
			targets = (
				608D18DA23E091DB00BFE7C7 /* iOS-Challenge */,
				608D18F023E091DC00BFE7C7 /* iOS-ChallengeTests */,
				608D18FB23E091DC00BFE7C7 /* iOS-ChallengeUITests */,
				AD95A753247AA57000B58056 /* Domain */,
				AD95A75B247AA57000B58056 /* DomainTests */,
				AD95A77A247AAC5A00B58056 /* NetworkPlatform */,
				AD95A782247AAC5B00B58056 /* NetworkPlatformTests */,
			);
		};
/* End PBXProject section */

/* Begin PBXResourcesBuildPhase section */
		608D18D923E091DB00BFE7C7 /* Resources */ = {
			isa = PBXResourcesBuildPhase;
			buildActionMask = 2147483647;
			files = (
				608D18EB23E091DC00BFE7C7 /* LaunchScreen.storyboard in Resources */,
				AD60782E24806A26002FE6C4 /* CommitViewCell.xib in Resources */,
				AD6B0FDB247BBB59004158B2 /* RepositoryViewCell.xib in Resources */,
				AD60783D248146AD002FE6C4 /* ProfileController.xib in Resources */,
				AD6B0FC1247B393F004158B2 /* ReporitoriesViewController.xib in Resources */,
				608D18E823E091DC00BFE7C7 /* Assets.xcassets in Resources */,
				AD6078242480605C002FE6C4 /* CommitsController.xib in Resources */,
				608D18E623E091DB00BFE7C7 /* Main.storyboard in Resources */,
			);
			runOnlyForDeploymentPostprocessing = 0;
		};
		608D18EF23E091DC00BFE7C7 /* Resources */ = {
			isa = PBXResourcesBuildPhase;
			buildActionMask = 2147483647;
			files = (
			);
			runOnlyForDeploymentPostprocessing = 0;
		};
		608D18FA23E091DC00BFE7C7 /* Resources */ = {
			isa = PBXResourcesBuildPhase;
			buildActionMask = 2147483647;
			files = (
			);
			runOnlyForDeploymentPostprocessing = 0;
		};
		AD95A752247AA57000B58056 /* Resources */ = {
			isa = PBXResourcesBuildPhase;
			buildActionMask = 2147483647;
			files = (
			);
			runOnlyForDeploymentPostprocessing = 0;
		};
		AD95A75A247AA57000B58056 /* Resources */ = {
			isa = PBXResourcesBuildPhase;
			buildActionMask = 2147483647;
			files = (
			);
			runOnlyForDeploymentPostprocessing = 0;
		};
		AD95A779247AAC5A00B58056 /* Resources */ = {
			isa = PBXResourcesBuildPhase;
			buildActionMask = 2147483647;
			files = (
			);
			runOnlyForDeploymentPostprocessing = 0;
		};
		AD95A781247AAC5B00B58056 /* Resources */ = {
			isa = PBXResourcesBuildPhase;
			buildActionMask = 2147483647;
			files = (
			);
			runOnlyForDeploymentPostprocessing = 0;
		};
/* End PBXResourcesBuildPhase section */

/* Begin PBXShellScriptBuildPhase section */
		01A28A84DC7D6AFA0B2C63F9 /* [CP] Embed Pods Frameworks */ = {
			isa = PBXShellScriptBuildPhase;
			buildActionMask = 2147483647;
			files = (
			);
			inputFileListPaths = (
				"${PODS_ROOT}/Target Support Files/Pods-iOS-Challenge/Pods-iOS-Challenge-frameworks-${CONFIGURATION}-input-files.xcfilelist",
			);
			name = "[CP] Embed Pods Frameworks";
			outputFileListPaths = (
				"${PODS_ROOT}/Target Support Files/Pods-iOS-Challenge/Pods-iOS-Challenge-frameworks-${CONFIGURATION}-output-files.xcfilelist",
			);
			runOnlyForDeploymentPostprocessing = 0;
			shellPath = /bin/sh;
			shellScript = "\"${PODS_ROOT}/Target Support Files/Pods-iOS-Challenge/Pods-iOS-Challenge-frameworks.sh\"\n";
			showEnvVarsInLog = 0;
		};
		01AAEBE3DE5FF38A709E756E /* [CP] Check Pods Manifest.lock */ = {
			isa = PBXShellScriptBuildPhase;
			buildActionMask = 2147483647;
			files = (
			);
			inputFileListPaths = (
			);
			inputPaths = (
				"${PODS_PODFILE_DIR_PATH}/Podfile.lock",
				"${PODS_ROOT}/Manifest.lock",
			);
			name = "[CP] Check Pods Manifest.lock";
			outputFileListPaths = (
			);
			outputPaths = (
				"$(DERIVED_FILE_DIR)/Pods-iOS-Challenge-iOS-ChallengeUITests-checkManifestLockResult.txt",
			);
			runOnlyForDeploymentPostprocessing = 0;
			shellPath = /bin/sh;
			shellScript = "diff \"${PODS_PODFILE_DIR_PATH}/Podfile.lock\" \"${PODS_ROOT}/Manifest.lock\" > /dev/null\nif [ $? != 0 ] ; then\n    # print error to STDERR\n    echo \"error: The sandbox is not in sync with the Podfile.lock. Run 'pod install' or update your CocoaPods installation.\" >&2\n    exit 1\nfi\n# This output is used by Xcode 'outputs' to avoid re-running this script phase.\necho \"SUCCESS\" > \"${SCRIPT_OUTPUT_FILE_0}\"\n";
			showEnvVarsInLog = 0;
		};
		0FB17E0874F2632207A00F00 /* [CP] Embed Pods Frameworks */ = {
			isa = PBXShellScriptBuildPhase;
			buildActionMask = 2147483647;
			files = (
			);
			inputFileListPaths = (
				"${PODS_ROOT}/Target Support Files/Pods-iOS-Challenge-iOS-ChallengeUITests/Pods-iOS-Challenge-iOS-ChallengeUITests-frameworks-${CONFIGURATION}-input-files.xcfilelist",
			);
			name = "[CP] Embed Pods Frameworks";
			outputFileListPaths = (
				"${PODS_ROOT}/Target Support Files/Pods-iOS-Challenge-iOS-ChallengeUITests/Pods-iOS-Challenge-iOS-ChallengeUITests-frameworks-${CONFIGURATION}-output-files.xcfilelist",
			);
			runOnlyForDeploymentPostprocessing = 0;
			shellPath = /bin/sh;
			shellScript = "\"${PODS_ROOT}/Target Support Files/Pods-iOS-Challenge-iOS-ChallengeUITests/Pods-iOS-Challenge-iOS-ChallengeUITests-frameworks.sh\"\n";
			showEnvVarsInLog = 0;
		};
		46618528AD9515DF85C79BA9 /* [CP] Check Pods Manifest.lock */ = {
			isa = PBXShellScriptBuildPhase;
			buildActionMask = 2147483647;
			files = (
			);
			inputFileListPaths = (
			);
			inputPaths = (
				"${PODS_PODFILE_DIR_PATH}/Podfile.lock",
				"${PODS_ROOT}/Manifest.lock",
			);
			name = "[CP] Check Pods Manifest.lock";
			outputFileListPaths = (
			);
			outputPaths = (
				"$(DERIVED_FILE_DIR)/Pods-iOS-ChallengeTests-checkManifestLockResult.txt",
			);
			runOnlyForDeploymentPostprocessing = 0;
			shellPath = /bin/sh;
			shellScript = "diff \"${PODS_PODFILE_DIR_PATH}/Podfile.lock\" \"${PODS_ROOT}/Manifest.lock\" > /dev/null\nif [ $? != 0 ] ; then\n    # print error to STDERR\n    echo \"error: The sandbox is not in sync with the Podfile.lock. Run 'pod install' or update your CocoaPods installation.\" >&2\n    exit 1\nfi\n# This output is used by Xcode 'outputs' to avoid re-running this script phase.\necho \"SUCCESS\" > \"${SCRIPT_OUTPUT_FILE_0}\"\n";
			showEnvVarsInLog = 0;
		};
		4808A2C2BA85284E386AB397 /* [CP] Check Pods Manifest.lock */ = {
			isa = PBXShellScriptBuildPhase;
			buildActionMask = 2147483647;
			files = (
			);
			inputFileListPaths = (
			);
			inputPaths = (
				"${PODS_PODFILE_DIR_PATH}/Podfile.lock",
				"${PODS_ROOT}/Manifest.lock",
			);
			name = "[CP] Check Pods Manifest.lock";
			outputFileListPaths = (
			);
			outputPaths = (
				"$(DERIVED_FILE_DIR)/Pods-NetworkPlatformTests-checkManifestLockResult.txt",
			);
			runOnlyForDeploymentPostprocessing = 0;
			shellPath = /bin/sh;
			shellScript = "diff \"${PODS_PODFILE_DIR_PATH}/Podfile.lock\" \"${PODS_ROOT}/Manifest.lock\" > /dev/null\nif [ $? != 0 ] ; then\n    # print error to STDERR\n    echo \"error: The sandbox is not in sync with the Podfile.lock. Run 'pod install' or update your CocoaPods installation.\" >&2\n    exit 1\nfi\n# This output is used by Xcode 'outputs' to avoid re-running this script phase.\necho \"SUCCESS\" > \"${SCRIPT_OUTPUT_FILE_0}\"\n";
			showEnvVarsInLog = 0;
		};
		683903C64A0B8960A4B2D4B1 /* [CP] Check Pods Manifest.lock */ = {
			isa = PBXShellScriptBuildPhase;
			buildActionMask = 2147483647;
			files = (
			);
			inputFileListPaths = (
			);
			inputPaths = (
				"${PODS_PODFILE_DIR_PATH}/Podfile.lock",
				"${PODS_ROOT}/Manifest.lock",
			);
			name = "[CP] Check Pods Manifest.lock";
			outputFileListPaths = (
			);
			outputPaths = (
				"$(DERIVED_FILE_DIR)/Pods-iOS-Challenge-checkManifestLockResult.txt",
			);
			runOnlyForDeploymentPostprocessing = 0;
			shellPath = /bin/sh;
			shellScript = "diff \"${PODS_PODFILE_DIR_PATH}/Podfile.lock\" \"${PODS_ROOT}/Manifest.lock\" > /dev/null\nif [ $? != 0 ] ; then\n    # print error to STDERR\n    echo \"error: The sandbox is not in sync with the Podfile.lock. Run 'pod install' or update your CocoaPods installation.\" >&2\n    exit 1\nfi\n# This output is used by Xcode 'outputs' to avoid re-running this script phase.\necho \"SUCCESS\" > \"${SCRIPT_OUTPUT_FILE_0}\"\n";
			showEnvVarsInLog = 0;
		};
		882B97E835B34E057146E328 /* [CP] Check Pods Manifest.lock */ = {
			isa = PBXShellScriptBuildPhase;
			buildActionMask = 2147483647;
			files = (
			);
			inputFileListPaths = (
			);
			inputPaths = (
				"${PODS_PODFILE_DIR_PATH}/Podfile.lock",
				"${PODS_ROOT}/Manifest.lock",
			);
			name = "[CP] Check Pods Manifest.lock";
			outputFileListPaths = (
			);
			outputPaths = (
				"$(DERIVED_FILE_DIR)/Pods-NetworkPlatform-checkManifestLockResult.txt",
			);
			runOnlyForDeploymentPostprocessing = 0;
			shellPath = /bin/sh;
			shellScript = "diff \"${PODS_PODFILE_DIR_PATH}/Podfile.lock\" \"${PODS_ROOT}/Manifest.lock\" > /dev/null\nif [ $? != 0 ] ; then\n    # print error to STDERR\n    echo \"error: The sandbox is not in sync with the Podfile.lock. Run 'pod install' or update your CocoaPods installation.\" >&2\n    exit 1\nfi\n# This output is used by Xcode 'outputs' to avoid re-running this script phase.\necho \"SUCCESS\" > \"${SCRIPT_OUTPUT_FILE_0}\"\n";
			showEnvVarsInLog = 0;
		};
		A4D4D022CA50E4CAA9FF718E /* [CP] Embed Pods Frameworks */ = {
			isa = PBXShellScriptBuildPhase;
			buildActionMask = 2147483647;
			files = (
			);
			inputFileListPaths = (
				"${PODS_ROOT}/Target Support Files/Pods-DomainTests/Pods-DomainTests-frameworks-${CONFIGURATION}-input-files.xcfilelist",
			);
			name = "[CP] Embed Pods Frameworks";
			outputFileListPaths = (
				"${PODS_ROOT}/Target Support Files/Pods-DomainTests/Pods-DomainTests-frameworks-${CONFIGURATION}-output-files.xcfilelist",
			);
			runOnlyForDeploymentPostprocessing = 0;
			shellPath = /bin/sh;
			shellScript = "\"${PODS_ROOT}/Target Support Files/Pods-DomainTests/Pods-DomainTests-frameworks.sh\"\n";
			showEnvVarsInLog = 0;
		};
		AAFA2096C9269D2782AB7DA7 /* [CP] Check Pods Manifest.lock */ = {
			isa = PBXShellScriptBuildPhase;
			buildActionMask = 2147483647;
			files = (
			);
			inputFileListPaths = (
			);
			inputPaths = (
				"${PODS_PODFILE_DIR_PATH}/Podfile.lock",
				"${PODS_ROOT}/Manifest.lock",
			);
			name = "[CP] Check Pods Manifest.lock";
			outputFileListPaths = (
			);
			outputPaths = (
				"$(DERIVED_FILE_DIR)/Pods-DomainTests-checkManifestLockResult.txt",
			);
			runOnlyForDeploymentPostprocessing = 0;
			shellPath = /bin/sh;
			shellScript = "diff \"${PODS_PODFILE_DIR_PATH}/Podfile.lock\" \"${PODS_ROOT}/Manifest.lock\" > /dev/null\nif [ $? != 0 ] ; then\n    # print error to STDERR\n    echo \"error: The sandbox is not in sync with the Podfile.lock. Run 'pod install' or update your CocoaPods installation.\" >&2\n    exit 1\nfi\n# This output is used by Xcode 'outputs' to avoid re-running this script phase.\necho \"SUCCESS\" > \"${SCRIPT_OUTPUT_FILE_0}\"\n";
			showEnvVarsInLog = 0;
		};
		B64753CD7B5A52ACC01F3803 /* [CP] Check Pods Manifest.lock */ = {
			isa = PBXShellScriptBuildPhase;
			buildActionMask = 2147483647;
			files = (
			);
			inputFileListPaths = (
			);
			inputPaths = (
				"${PODS_PODFILE_DIR_PATH}/Podfile.lock",
				"${PODS_ROOT}/Manifest.lock",
			);
			name = "[CP] Check Pods Manifest.lock";
			outputFileListPaths = (
			);
			outputPaths = (
				"$(DERIVED_FILE_DIR)/Pods-Domain-checkManifestLockResult.txt",
			);
			runOnlyForDeploymentPostprocessing = 0;
			shellPath = /bin/sh;
			shellScript = "diff \"${PODS_PODFILE_DIR_PATH}/Podfile.lock\" \"${PODS_ROOT}/Manifest.lock\" > /dev/null\nif [ $? != 0 ] ; then\n    # print error to STDERR\n    echo \"error: The sandbox is not in sync with the Podfile.lock. Run 'pod install' or update your CocoaPods installation.\" >&2\n    exit 1\nfi\n# This output is used by Xcode 'outputs' to avoid re-running this script phase.\necho \"SUCCESS\" > \"${SCRIPT_OUTPUT_FILE_0}\"\n";
			showEnvVarsInLog = 0;
		};
		DED210263D7D1F65154B3883 /* [CP] Embed Pods Frameworks */ = {
			isa = PBXShellScriptBuildPhase;
			buildActionMask = 2147483647;
			files = (
			);
			inputFileListPaths = (
				"${PODS_ROOT}/Target Support Files/Pods-NetworkPlatformTests/Pods-NetworkPlatformTests-frameworks-${CONFIGURATION}-input-files.xcfilelist",
			);
			name = "[CP] Embed Pods Frameworks";
			outputFileListPaths = (
				"${PODS_ROOT}/Target Support Files/Pods-NetworkPlatformTests/Pods-NetworkPlatformTests-frameworks-${CONFIGURATION}-output-files.xcfilelist",
			);
			runOnlyForDeploymentPostprocessing = 0;
			shellPath = /bin/sh;
			shellScript = "\"${PODS_ROOT}/Target Support Files/Pods-NetworkPlatformTests/Pods-NetworkPlatformTests-frameworks.sh\"\n";
			showEnvVarsInLog = 0;
		};
/* End PBXShellScriptBuildPhase section */

/* Begin PBXSourcesBuildPhase section */
		608D18D723E091DB00BFE7C7 /* Sources */ = {
			isa = PBXSourcesBuildPhase;
			buildActionMask = 2147483647;
			files = (
				AD607826248060B3002FE6C4 /* CommitsNavigator.swift in Sources */,
				608D18E323E091DB00BFE7C7 /* ViewController.swift in Sources */,
				AD6B0FD7247B452A004158B2 /* String+CustomTools.swift in Sources */,
				AD60782D24806A26002FE6C4 /* CommitViewCell.swift in Sources */,
				608D18DF23E091DB00BFE7C7 /* AppDelegate.swift in Sources */,
				60F3961E23E997E400AA2913 /* AccessTokenResponse.swift in Sources */,
				AD6B0FD6247B452A004158B2 /* Observable+Ext.swift in Sources */,
				AD6078232480605C002FE6C4 /* CommitsController.swift in Sources */,
				AD6B0FC6247B3A25004158B2 /* RepositoriesViewModel.swift in Sources */,
				AD6B0FDD247BBF68004158B2 /* CustomCell.swift in Sources */,
				AD607841248147C0002FE6C4 /* ProfileViewModel.swift in Sources */,
				AD60784724815184002FE6C4 /* ImageView+Ext.swift in Sources */,
				AD6B0FCD247B4173004158B2 /* RepositoryCellViewModel.swift in Sources */,
				AD6B0FE1247BED01004158B2 /* MainNavigationController.swift in Sources */,
				AD60783F248146EE002FE6C4 /* ProfileNavigator.swift in Sources */,
				AD6B0FD1247B44E2004158B2 /* ActivityIndicator.swift in Sources */,
				AD6B0FC9247B3A69004158B2 /* ViewModelType.swift in Sources */,
				AD607828248060CB002FE6C4 /* CommitsViewModel.swift in Sources */,
				AD6B0FDA247BBB59004158B2 /* RepositoryViewCell.swift in Sources */,
				AD6B0FC3247B3977004158B2 /* RepositoriesNavigator.swift in Sources */,
				AD5D578224802144007575B6 /* TableView+Ext.swift in Sources */,
				AD6B0FD5247B452A004158B2 /* Error+CustomResponse.swift in Sources */,
				AD6B0FC0247B393F004158B2 /* ReporitoriesViewController.swift in Sources */,
				60F3961C23E996C000AA2913 /* Alamofire+Decodable.swift in Sources */,
				AD60783024806A41002FE6C4 /* CommitsCellViewModel.swift in Sources */,
				AD6B0FD0247B44E2004158B2 /* ErrorTracker.swift in Sources */,
				AD60783C248146AD002FE6C4 /* ProfileController.swift in Sources */,
			);
			runOnlyForDeploymentPostprocessing = 0;
		};
		608D18ED23E091DC00BFE7C7 /* Sources */ = {
			isa = PBXSourcesBuildPhase;
			buildActionMask = 2147483647;
			files = (
				608D18F623E091DC00BFE7C7 /* iOS_ChallengeTests.swift in Sources */,
			);
			runOnlyForDeploymentPostprocessing = 0;
		};
		608D18F823E091DC00BFE7C7 /* Sources */ = {
			isa = PBXSourcesBuildPhase;
			buildActionMask = 2147483647;
			files = (
				608D190123E091DC00BFE7C7 /* iOS_ChallengeUITests.swift in Sources */,
			);
			runOnlyForDeploymentPostprocessing = 0;
		};
		AD95A750247AA57000B58056 /* Sources */ = {
			isa = PBXSourcesBuildPhase;
			buildActionMask = 2147483647;
			files = (
				AD95A7C1247ABB0100B58056 /* InteractiveModelType.swift in Sources */,
				AD95A7BF247ABABD00B58056 /* ProfileNetworkModel.swift in Sources */,
				AD95A7C3247ABE2B00B58056 /* AvatarModel.swift in Sources */,
				AD6B0FB7247B2C83004158B2 /* SearchRepositoryUseCase.swift in Sources */,
				AD607834248107D7002FE6C4 /* CommitsUseCase.swift in Sources */,
				AD95A7BC247AB18D00B58056 /* AuthenticationStatus.swift in Sources */,
				AD95A7B9247AB18D00B58056 /* ErrorTypes.swift in Sources */,
				AD6B0FAF247B088C004158B2 /* UserModel.swift in Sources */,
				AD95A7B8247AB18D00B58056 /* Constants.swift in Sources */,
				AD60784324814B35002FE6C4 /* ProfileUseCase.swift in Sources */,
				AD6B0FA3247AD7DF004158B2 /* UseCaseProvider.swift in Sources */,
				AD6B0FAD247AE32C004158B2 /* CommitItem.swift in Sources */,
				AD6B0FA9247ADF27004158B2 /* CommitsModel.swift in Sources */,
				AD6B0FA7247ADEDB004158B2 /* RepositoriesModel.swift in Sources */,
				AD60783224806DD7002FE6C4 /* CommitActorItem.swift in Sources */,
				AD6B0FAB247AE23D004158B2 /* RepositoryItem.swift in Sources */,
			);
			runOnlyForDeploymentPostprocessing = 0;
		};
		AD95A758247AA57000B58056 /* Sources */ = {
			isa = PBXSourcesBuildPhase;
			buildActionMask = 2147483647;
			files = (
				AD95A764247AA57000B58056 /* DomainTests.swift in Sources */,
			);
			runOnlyForDeploymentPostprocessing = 0;
		};
		AD95A777247AAC5A00B58056 /* Sources */ = {
			isa = PBXSourcesBuildPhase;
			buildActionMask = 2147483647;
			files = (
				AD6B0FB2247B1ACF004158B2 /* RepositorySearchNetwork.swift in Sources */,
				AD60784524814B84002FE6C4 /* ProfileNetwork.swift in Sources */,
				AD60783624810F4A002FE6C4 /* CommitsNetwork.swift in Sources */,
				AD6B0FB9247B2FBF004158B2 /* SearchRepositoryUseCase.swift in Sources */,
				AD95A7AD247AACD700B58056 /* Network.swift in Sources */,
				AD60783824811071002FE6C4 /* CommitsUseCase.swift in Sources */,
				AD95A7A8247AACD600B58056 /* EncodableExtension.swift in Sources */,
				AD95A7A9247AACD600B58056 /* ResponseAnalytics.swift in Sources */,
				AD95A7AA247AACD700B58056 /* DateFormatterExtension.swift in Sources */,
				AD6B0FB5247B2C17004158B2 /* UseCaseProvider.swift in Sources */,
				AD95A7AF247AACD700B58056 /* NetworkProvider.swift in Sources */,
			);
			runOnlyForDeploymentPostprocessing = 0;
		};
		AD95A77F247AAC5B00B58056 /* Sources */ = {
			isa = PBXSourcesBuildPhase;
			buildActionMask = 2147483647;
			files = (
				AD95A78B247AAC5B00B58056 /* NetworkPlatformTests.swift in Sources */,
			);
			runOnlyForDeploymentPostprocessing = 0;
		};
/* End PBXSourcesBuildPhase section */

/* Begin PBXTargetDependency section */
		608D18F323E091DC00BFE7C7 /* PBXTargetDependency */ = {
			isa = PBXTargetDependency;
			target = 608D18DA23E091DB00BFE7C7 /* iOS-Challenge */;
			targetProxy = 608D18F223E091DC00BFE7C7 /* PBXContainerItemProxy */;
		};
		608D18FE23E091DC00BFE7C7 /* PBXTargetDependency */ = {
			isa = PBXTargetDependency;
			target = 608D18DA23E091DB00BFE7C7 /* iOS-Challenge */;
			targetProxy = 608D18FD23E091DC00BFE7C7 /* PBXContainerItemProxy */;
		};
		AD95A75F247AA57000B58056 /* PBXTargetDependency */ = {
			isa = PBXTargetDependency;
			target = AD95A753247AA57000B58056 /* Domain */;
			targetProxy = AD95A75E247AA57000B58056 /* PBXContainerItemProxy */;
		};
		AD95A761247AA57000B58056 /* PBXTargetDependency */ = {
			isa = PBXTargetDependency;
			target = 608D18DA23E091DB00BFE7C7 /* iOS-Challenge */;
			targetProxy = AD95A760247AA57000B58056 /* PBXContainerItemProxy */;
		};
		AD95A768247AA57000B58056 /* PBXTargetDependency */ = {
			isa = PBXTargetDependency;
			target = AD95A753247AA57000B58056 /* Domain */;
			targetProxy = AD95A767247AA57000B58056 /* PBXContainerItemProxy */;
		};
		AD95A786247AAC5B00B58056 /* PBXTargetDependency */ = {
			isa = PBXTargetDependency;
			target = AD95A77A247AAC5A00B58056 /* NetworkPlatform */;
			targetProxy = AD95A785247AAC5B00B58056 /* PBXContainerItemProxy */;
		};
		AD95A788247AAC5B00B58056 /* PBXTargetDependency */ = {
			isa = PBXTargetDependency;
			target = 608D18DA23E091DB00BFE7C7 /* iOS-Challenge */;
			targetProxy = AD95A787247AAC5B00B58056 /* PBXContainerItemProxy */;
		};
		AD95A78F247AAC5B00B58056 /* PBXTargetDependency */ = {
			isa = PBXTargetDependency;
			target = AD95A77A247AAC5A00B58056 /* NetworkPlatform */;
			targetProxy = AD95A78E247AAC5B00B58056 /* PBXContainerItemProxy */;
		};
		AD95A79B247AAC6700B58056 /* PBXTargetDependency */ = {
			isa = PBXTargetDependency;
			target = AD95A753247AA57000B58056 /* Domain */;
			targetProxy = AD95A79A247AAC6700B58056 /* PBXContainerItemProxy */;
		};
/* End PBXTargetDependency section */

/* Begin PBXVariantGroup section */
		608D18E423E091DB00BFE7C7 /* Main.storyboard */ = {
			isa = PBXVariantGroup;
			children = (
				608D18E523E091DB00BFE7C7 /* Base */,
			);
			name = Main.storyboard;
			sourceTree = "<group>";
		};
		608D18E923E091DC00BFE7C7 /* LaunchScreen.storyboard */ = {
			isa = PBXVariantGroup;
			children = (
				608D18EA23E091DC00BFE7C7 /* Base */,
			);
			name = LaunchScreen.storyboard;
			sourceTree = "<group>";
		};
/* End PBXVariantGroup section */

/* Begin XCBuildConfiguration section */
		608D190323E091DC00BFE7C7 /* Debug */ = {
			isa = XCBuildConfiguration;
			buildSettings = {
				ALWAYS_SEARCH_USER_PATHS = NO;
				CLANG_ANALYZER_NONNULL = YES;
				CLANG_ANALYZER_NUMBER_OBJECT_CONVERSION = YES_AGGRESSIVE;
				CLANG_CXX_LANGUAGE_STANDARD = "gnu++14";
				CLANG_CXX_LIBRARY = "libc++";
				CLANG_ENABLE_MODULES = YES;
				CLANG_ENABLE_OBJC_ARC = YES;
				CLANG_ENABLE_OBJC_WEAK = YES;
				CLANG_WARN_BLOCK_CAPTURE_AUTORELEASING = YES;
				CLANG_WARN_BOOL_CONVERSION = YES;
				CLANG_WARN_COMMA = YES;
				CLANG_WARN_CONSTANT_CONVERSION = YES;
				CLANG_WARN_DEPRECATED_OBJC_IMPLEMENTATIONS = YES;
				CLANG_WARN_DIRECT_OBJC_ISA_USAGE = YES_ERROR;
				CLANG_WARN_DOCUMENTATION_COMMENTS = YES;
				CLANG_WARN_EMPTY_BODY = YES;
				CLANG_WARN_ENUM_CONVERSION = YES;
				CLANG_WARN_INFINITE_RECURSION = YES;
				CLANG_WARN_INT_CONVERSION = YES;
				CLANG_WARN_NON_LITERAL_NULL_CONVERSION = YES;
				CLANG_WARN_OBJC_IMPLICIT_RETAIN_SELF = YES;
				CLANG_WARN_OBJC_LITERAL_CONVERSION = YES;
				CLANG_WARN_OBJC_ROOT_CLASS = YES_ERROR;
				CLANG_WARN_RANGE_LOOP_ANALYSIS = YES;
				CLANG_WARN_STRICT_PROTOTYPES = YES;
				CLANG_WARN_SUSPICIOUS_MOVE = YES;
				CLANG_WARN_UNGUARDED_AVAILABILITY = YES_AGGRESSIVE;
				CLANG_WARN_UNREACHABLE_CODE = YES;
				CLANG_WARN__DUPLICATE_METHOD_MATCH = YES;
				COPY_PHASE_STRIP = NO;
				DEBUG_INFORMATION_FORMAT = dwarf;
				ENABLE_STRICT_OBJC_MSGSEND = YES;
				ENABLE_TESTABILITY = YES;
				GCC_C_LANGUAGE_STANDARD = gnu11;
				GCC_DYNAMIC_NO_PIC = NO;
				GCC_NO_COMMON_BLOCKS = YES;
				GCC_OPTIMIZATION_LEVEL = 0;
				GCC_PREPROCESSOR_DEFINITIONS = (
					"DEBUG=1",
					"$(inherited)",
				);
				GCC_WARN_64_TO_32_BIT_CONVERSION = YES;
				GCC_WARN_ABOUT_RETURN_TYPE = YES_ERROR;
				GCC_WARN_UNDECLARED_SELECTOR = YES;
				GCC_WARN_UNINITIALIZED_AUTOS = YES_AGGRESSIVE;
				GCC_WARN_UNUSED_FUNCTION = YES;
				GCC_WARN_UNUSED_VARIABLE = YES;
				IPHONEOS_DEPLOYMENT_TARGET = 13.0;
				MTL_ENABLE_DEBUG_INFO = INCLUDE_SOURCE;
				MTL_FAST_MATH = YES;
				ONLY_ACTIVE_ARCH = YES;
				SDKROOT = iphoneos;
				SWIFT_ACTIVE_COMPILATION_CONDITIONS = DEBUG;
				SWIFT_OPTIMIZATION_LEVEL = "-Onone";
			};
			name = Debug;
		};
		608D190423E091DC00BFE7C7 /* Release */ = {
			isa = XCBuildConfiguration;
			buildSettings = {
				ALWAYS_SEARCH_USER_PATHS = NO;
				CLANG_ANALYZER_NONNULL = YES;
				CLANG_ANALYZER_NUMBER_OBJECT_CONVERSION = YES_AGGRESSIVE;
				CLANG_CXX_LANGUAGE_STANDARD = "gnu++14";
				CLANG_CXX_LIBRARY = "libc++";
				CLANG_ENABLE_MODULES = YES;
				CLANG_ENABLE_OBJC_ARC = YES;
				CLANG_ENABLE_OBJC_WEAK = YES;
				CLANG_WARN_BLOCK_CAPTURE_AUTORELEASING = YES;
				CLANG_WARN_BOOL_CONVERSION = YES;
				CLANG_WARN_COMMA = YES;
				CLANG_WARN_CONSTANT_CONVERSION = YES;
				CLANG_WARN_DEPRECATED_OBJC_IMPLEMENTATIONS = YES;
				CLANG_WARN_DIRECT_OBJC_ISA_USAGE = YES_ERROR;
				CLANG_WARN_DOCUMENTATION_COMMENTS = YES;
				CLANG_WARN_EMPTY_BODY = YES;
				CLANG_WARN_ENUM_CONVERSION = YES;
				CLANG_WARN_INFINITE_RECURSION = YES;
				CLANG_WARN_INT_CONVERSION = YES;
				CLANG_WARN_NON_LITERAL_NULL_CONVERSION = YES;
				CLANG_WARN_OBJC_IMPLICIT_RETAIN_SELF = YES;
				CLANG_WARN_OBJC_LITERAL_CONVERSION = YES;
				CLANG_WARN_OBJC_ROOT_CLASS = YES_ERROR;
				CLANG_WARN_RANGE_LOOP_ANALYSIS = YES;
				CLANG_WARN_STRICT_PROTOTYPES = YES;
				CLANG_WARN_SUSPICIOUS_MOVE = YES;
				CLANG_WARN_UNGUARDED_AVAILABILITY = YES_AGGRESSIVE;
				CLANG_WARN_UNREACHABLE_CODE = YES;
				CLANG_WARN__DUPLICATE_METHOD_MATCH = YES;
				COPY_PHASE_STRIP = NO;
				DEBUG_INFORMATION_FORMAT = "dwarf-with-dsym";
				ENABLE_NS_ASSERTIONS = NO;
				ENABLE_STRICT_OBJC_MSGSEND = YES;
				GCC_C_LANGUAGE_STANDARD = gnu11;
				GCC_NO_COMMON_BLOCKS = YES;
				GCC_WARN_64_TO_32_BIT_CONVERSION = YES;
				GCC_WARN_ABOUT_RETURN_TYPE = YES_ERROR;
				GCC_WARN_UNDECLARED_SELECTOR = YES;
				GCC_WARN_UNINITIALIZED_AUTOS = YES_AGGRESSIVE;
				GCC_WARN_UNUSED_FUNCTION = YES;
				GCC_WARN_UNUSED_VARIABLE = YES;
				IPHONEOS_DEPLOYMENT_TARGET = 13.0;
				MTL_ENABLE_DEBUG_INFO = NO;
				MTL_FAST_MATH = YES;
				SDKROOT = iphoneos;
				SWIFT_COMPILATION_MODE = wholemodule;
				SWIFT_OPTIMIZATION_LEVEL = "-O";
				VALIDATE_PRODUCT = YES;
			};
			name = Release;
		};
		608D190623E091DC00BFE7C7 /* Debug */ = {
			isa = XCBuildConfiguration;
			baseConfigurationReference = 4CF87E523F98E04A4A667417 /* Pods-iOS-Challenge.debug.xcconfig */;
			buildSettings = {
				ALWAYS_EMBED_SWIFT_STANDARD_LIBRARIES = YES;
				ASSETCATALOG_COMPILER_APPICON_NAME = AppIcon;
				CODE_SIGN_STYLE = Automatic;
				DEVELOPMENT_TEAM = XXZR5P8AB3;
				INFOPLIST_FILE = "iOS-Challenge/Info.plist";
				IPHONEOS_DEPLOYMENT_TARGET = 13.5;
				LD_RUNPATH_SEARCH_PATHS = (
					"$(inherited)",
					"@executable_path/Frameworks",
				);
				PRODUCT_BUNDLE_IDENTIFIER = "com.digipay.iOS-Challenge2";
				PRODUCT_NAME = "$(TARGET_NAME)";
				SWIFT_VERSION = 5.0;
				TARGETED_DEVICE_FAMILY = "1,2";
			};
			name = Debug;
		};
		608D190723E091DC00BFE7C7 /* Release */ = {
			isa = XCBuildConfiguration;
			baseConfigurationReference = 6F25064E8452F508919CED9A /* Pods-iOS-Challenge.release.xcconfig */;
			buildSettings = {
				ALWAYS_EMBED_SWIFT_STANDARD_LIBRARIES = YES;
				ASSETCATALOG_COMPILER_APPICON_NAME = AppIcon;
				CODE_SIGN_STYLE = Automatic;
				DEVELOPMENT_TEAM = XXZR5P8AB3;
				INFOPLIST_FILE = "iOS-Challenge/Info.plist";
				IPHONEOS_DEPLOYMENT_TARGET = 13.5;
				LD_RUNPATH_SEARCH_PATHS = (
					"$(inherited)",
					"@executable_path/Frameworks",
				);
				PRODUCT_BUNDLE_IDENTIFIER = "com.digipay.iOS-Challenge2";
				PRODUCT_NAME = "$(TARGET_NAME)";
				SWIFT_VERSION = 5.0;
				TARGETED_DEVICE_FAMILY = "1,2";
			};
			name = Release;
		};
		608D190923E091DC00BFE7C7 /* Debug */ = {
			isa = XCBuildConfiguration;
			baseConfigurationReference = 2075C2B6642464659DF42D34 /* Pods-iOS-ChallengeTests.debug.xcconfig */;
			buildSettings = {
				ALWAYS_EMBED_SWIFT_STANDARD_LIBRARIES = YES;
				BUNDLE_LOADER = "$(TEST_HOST)";
				CODE_SIGN_STYLE = Automatic;
				DEVELOPMENT_TEAM = XXZR5P8AB3;
				INFOPLIST_FILE = "iOS-ChallengeTests/Info.plist";
				IPHONEOS_DEPLOYMENT_TARGET = 13.0;
				LD_RUNPATH_SEARCH_PATHS = (
					"$(inherited)",
					"@executable_path/Frameworks",
					"@loader_path/Frameworks",
				);
				PRODUCT_BUNDLE_IDENTIFIER = "com.digipay.iOS-ChallengeTests";
				PRODUCT_NAME = "$(TARGET_NAME)";
				SWIFT_VERSION = 5.0;
				TARGETED_DEVICE_FAMILY = "1,2";
				TEST_HOST = "$(BUILT_PRODUCTS_DIR)/iOS-Challenge.app/iOS-Challenge";
			};
			name = Debug;
		};
		608D190A23E091DC00BFE7C7 /* Release */ = {
			isa = XCBuildConfiguration;
			baseConfigurationReference = E7DA398FC06A0B03443418B7 /* Pods-iOS-ChallengeTests.release.xcconfig */;
			buildSettings = {
				ALWAYS_EMBED_SWIFT_STANDARD_LIBRARIES = YES;
				BUNDLE_LOADER = "$(TEST_HOST)";
				CODE_SIGN_STYLE = Automatic;
				DEVELOPMENT_TEAM = XXZR5P8AB3;
				INFOPLIST_FILE = "iOS-ChallengeTests/Info.plist";
				IPHONEOS_DEPLOYMENT_TARGET = 13.0;
				LD_RUNPATH_SEARCH_PATHS = (
					"$(inherited)",
					"@executable_path/Frameworks",
					"@loader_path/Frameworks",
				);
				PRODUCT_BUNDLE_IDENTIFIER = "com.digipay.iOS-ChallengeTests";
				PRODUCT_NAME = "$(TARGET_NAME)";
				SWIFT_VERSION = 5.0;
				TARGETED_DEVICE_FAMILY = "1,2";
				TEST_HOST = "$(BUILT_PRODUCTS_DIR)/iOS-Challenge.app/iOS-Challenge";
			};
			name = Release;
		};
		608D190C23E091DC00BFE7C7 /* Debug */ = {
			isa = XCBuildConfiguration;
			baseConfigurationReference = 6ABBBC8954A85B69F34446E4 /* Pods-iOS-Challenge-iOS-ChallengeUITests.debug.xcconfig */;
			buildSettings = {
				ALWAYS_EMBED_SWIFT_STANDARD_LIBRARIES = YES;
				CODE_SIGN_STYLE = Automatic;
				DEVELOPMENT_TEAM = XXZR5P8AB3;
				INFOPLIST_FILE = "iOS-ChallengeUITests/Info.plist";
				LD_RUNPATH_SEARCH_PATHS = (
					"$(inherited)",
					"@executable_path/Frameworks",
					"@loader_path/Frameworks",
				);
				PRODUCT_BUNDLE_IDENTIFIER = "com.digipay.iOS-ChallengeUITests";
				PRODUCT_NAME = "$(TARGET_NAME)";
				SWIFT_VERSION = 5.0;
				TARGETED_DEVICE_FAMILY = "1,2";
				TEST_TARGET_NAME = "iOS-Challenge";
			};
			name = Debug;
		};
		608D190D23E091DC00BFE7C7 /* Release */ = {
			isa = XCBuildConfiguration;
			baseConfigurationReference = E61D224421BF5714CEAB7504 /* Pods-iOS-Challenge-iOS-ChallengeUITests.release.xcconfig */;
			buildSettings = {
				ALWAYS_EMBED_SWIFT_STANDARD_LIBRARIES = YES;
				CODE_SIGN_STYLE = Automatic;
				DEVELOPMENT_TEAM = XXZR5P8AB3;
				INFOPLIST_FILE = "iOS-ChallengeUITests/Info.plist";
				LD_RUNPATH_SEARCH_PATHS = (
					"$(inherited)",
					"@executable_path/Frameworks",
					"@loader_path/Frameworks",
				);
				PRODUCT_BUNDLE_IDENTIFIER = "com.digipay.iOS-ChallengeUITests";
				PRODUCT_NAME = "$(TARGET_NAME)";
				SWIFT_VERSION = 5.0;
				TARGETED_DEVICE_FAMILY = "1,2";
				TEST_TARGET_NAME = "iOS-Challenge";
			};
			name = Release;
		};
		AD95A76C247AA57000B58056 /* Debug */ = {
			isa = XCBuildConfiguration;
			baseConfigurationReference = 821BC672C50ED49B8E7A4C38 /* Pods-Domain.debug.xcconfig */;
			buildSettings = {
				CODE_SIGN_STYLE = Automatic;
				CURRENT_PROJECT_VERSION = 1;
				DEFINES_MODULE = YES;
				DEVELOPMENT_TEAM = XXZR5P8AB3;
				DYLIB_COMPATIBILITY_VERSION = 1;
				DYLIB_CURRENT_VERSION = 1;
				DYLIB_INSTALL_NAME_BASE = "@rpath";
				INFOPLIST_FILE = Domain/Info.plist;
				INSTALL_PATH = "$(LOCAL_LIBRARY_DIR)/Frameworks";
				IPHONEOS_DEPLOYMENT_TARGET = 13.5;
				LD_RUNPATH_SEARCH_PATHS = (
					"$(inherited)",
					"@executable_path/Frameworks",
					"@loader_path/Frameworks",
				);
				PRODUCT_BUNDLE_IDENTIFIER = home.Domain;
				PRODUCT_NAME = "$(TARGET_NAME:c99extidentifier)";
				SKIP_INSTALL = YES;
				SWIFT_VERSION = 5.0;
				TARGETED_DEVICE_FAMILY = "1,2";
				VERSIONING_SYSTEM = "apple-generic";
				VERSION_INFO_PREFIX = "";
			};
			name = Debug;
		};
		AD95A76D247AA57000B58056 /* Release */ = {
			isa = XCBuildConfiguration;
			baseConfigurationReference = 452EBB03A5742361A34EB8BD /* Pods-Domain.release.xcconfig */;
			buildSettings = {
				CODE_SIGN_STYLE = Automatic;
				CURRENT_PROJECT_VERSION = 1;
				DEFINES_MODULE = YES;
				DEVELOPMENT_TEAM = XXZR5P8AB3;
				DYLIB_COMPATIBILITY_VERSION = 1;
				DYLIB_CURRENT_VERSION = 1;
				DYLIB_INSTALL_NAME_BASE = "@rpath";
				INFOPLIST_FILE = Domain/Info.plist;
				INSTALL_PATH = "$(LOCAL_LIBRARY_DIR)/Frameworks";
				IPHONEOS_DEPLOYMENT_TARGET = 13.5;
				LD_RUNPATH_SEARCH_PATHS = (
					"$(inherited)",
					"@executable_path/Frameworks",
					"@loader_path/Frameworks",
				);
				PRODUCT_BUNDLE_IDENTIFIER = home.Domain;
				PRODUCT_NAME = "$(TARGET_NAME:c99extidentifier)";
				SKIP_INSTALL = YES;
				SWIFT_VERSION = 5.0;
				TARGETED_DEVICE_FAMILY = "1,2";
				VERSIONING_SYSTEM = "apple-generic";
				VERSION_INFO_PREFIX = "";
			};
			name = Release;
		};
		AD95A76F247AA57000B58056 /* Debug */ = {
			isa = XCBuildConfiguration;
			baseConfigurationReference = 2B819B8EBC542565124C4EFB /* Pods-DomainTests.debug.xcconfig */;
			buildSettings = {
				ALWAYS_EMBED_SWIFT_STANDARD_LIBRARIES = YES;
				CODE_SIGN_STYLE = Automatic;
				DEVELOPMENT_TEAM = XXZR5P8AB3;
				INFOPLIST_FILE = DomainTests/Info.plist;
				IPHONEOS_DEPLOYMENT_TARGET = 13.5;
				LD_RUNPATH_SEARCH_PATHS = (
					"$(inherited)",
					"@executable_path/Frameworks",
					"@loader_path/Frameworks",
				);
				PRODUCT_BUNDLE_IDENTIFIER = home.DomainTests;
				PRODUCT_NAME = "$(TARGET_NAME)";
				SWIFT_VERSION = 5.0;
				TARGETED_DEVICE_FAMILY = "1,2";
				TEST_HOST = "$(BUILT_PRODUCTS_DIR)/iOS-Challenge.app/iOS-Challenge";
			};
			name = Debug;
		};
		AD95A770247AA57000B58056 /* Release */ = {
			isa = XCBuildConfiguration;
			baseConfigurationReference = BB82236D9B814D5098036915 /* Pods-DomainTests.release.xcconfig */;
			buildSettings = {
				ALWAYS_EMBED_SWIFT_STANDARD_LIBRARIES = YES;
				CODE_SIGN_STYLE = Automatic;
				DEVELOPMENT_TEAM = XXZR5P8AB3;
				INFOPLIST_FILE = DomainTests/Info.plist;
				IPHONEOS_DEPLOYMENT_TARGET = 13.5;
				LD_RUNPATH_SEARCH_PATHS = (
					"$(inherited)",
					"@executable_path/Frameworks",
					"@loader_path/Frameworks",
				);
				PRODUCT_BUNDLE_IDENTIFIER = home.DomainTests;
				PRODUCT_NAME = "$(TARGET_NAME)";
				SWIFT_VERSION = 5.0;
				TARGETED_DEVICE_FAMILY = "1,2";
				TEST_HOST = "$(BUILT_PRODUCTS_DIR)/iOS-Challenge.app/iOS-Challenge";
			};
			name = Release;
		};
		AD95A793247AAC5B00B58056 /* Debug */ = {
			isa = XCBuildConfiguration;
			baseConfigurationReference = AB16E9A7B1800A0A54D51034 /* Pods-NetworkPlatform.debug.xcconfig */;
			buildSettings = {
				CODE_SIGN_STYLE = Automatic;
				CURRENT_PROJECT_VERSION = 1;
				DEFINES_MODULE = YES;
				DEVELOPMENT_TEAM = XXZR5P8AB3;
				DYLIB_COMPATIBILITY_VERSION = 1;
				DYLIB_CURRENT_VERSION = 1;
				DYLIB_INSTALL_NAME_BASE = "@rpath";
				INFOPLIST_FILE = NetworkPlatform/Info.plist;
				INSTALL_PATH = "$(LOCAL_LIBRARY_DIR)/Frameworks";
				IPHONEOS_DEPLOYMENT_TARGET = 13.5;
				LD_RUNPATH_SEARCH_PATHS = (
					"$(inherited)",
					"@executable_path/Frameworks",
					"@loader_path/Frameworks",
				);
				PRODUCT_BUNDLE_IDENTIFIER = home.NetworkPlatform;
				PRODUCT_NAME = "$(TARGET_NAME:c99extidentifier)";
				SKIP_INSTALL = YES;
				SWIFT_VERSION = 5.0;
				TARGETED_DEVICE_FAMILY = "1,2";
				VERSIONING_SYSTEM = "apple-generic";
				VERSION_INFO_PREFIX = "";
			};
			name = Debug;
		};
		AD95A794247AAC5B00B58056 /* Release */ = {
			isa = XCBuildConfiguration;
			baseConfigurationReference = 2DFB747B8FA07EE997CC0341 /* Pods-NetworkPlatform.release.xcconfig */;
			buildSettings = {
				CODE_SIGN_STYLE = Automatic;
				CURRENT_PROJECT_VERSION = 1;
				DEFINES_MODULE = YES;
				DEVELOPMENT_TEAM = XXZR5P8AB3;
				DYLIB_COMPATIBILITY_VERSION = 1;
				DYLIB_CURRENT_VERSION = 1;
				DYLIB_INSTALL_NAME_BASE = "@rpath";
				INFOPLIST_FILE = NetworkPlatform/Info.plist;
				INSTALL_PATH = "$(LOCAL_LIBRARY_DIR)/Frameworks";
				IPHONEOS_DEPLOYMENT_TARGET = 13.5;
				LD_RUNPATH_SEARCH_PATHS = (
					"$(inherited)",
					"@executable_path/Frameworks",
					"@loader_path/Frameworks",
				);
				PRODUCT_BUNDLE_IDENTIFIER = home.NetworkPlatform;
				PRODUCT_NAME = "$(TARGET_NAME:c99extidentifier)";
				SKIP_INSTALL = YES;
				SWIFT_VERSION = 5.0;
				TARGETED_DEVICE_FAMILY = "1,2";
				VERSIONING_SYSTEM = "apple-generic";
				VERSION_INFO_PREFIX = "";
			};
			name = Release;
		};
		AD95A796247AAC5B00B58056 /* Debug */ = {
			isa = XCBuildConfiguration;
			baseConfigurationReference = D5C4657FF87EE7C6D8082139 /* Pods-NetworkPlatformTests.debug.xcconfig */;
			buildSettings = {
				ALWAYS_EMBED_SWIFT_STANDARD_LIBRARIES = YES;
				CODE_SIGN_STYLE = Automatic;
				DEVELOPMENT_TEAM = XXZR5P8AB3;
				INFOPLIST_FILE = NetworkPlatformTests/Info.plist;
				IPHONEOS_DEPLOYMENT_TARGET = 13.5;
				LD_RUNPATH_SEARCH_PATHS = (
					"$(inherited)",
					"@executable_path/Frameworks",
					"@loader_path/Frameworks",
				);
				PRODUCT_BUNDLE_IDENTIFIER = home.NetworkPlatformTests;
				PRODUCT_NAME = "$(TARGET_NAME)";
				SWIFT_VERSION = 5.0;
				TARGETED_DEVICE_FAMILY = "1,2";
				TEST_HOST = "$(BUILT_PRODUCTS_DIR)/iOS-Challenge.app/iOS-Challenge";
			};
			name = Debug;
		};
		AD95A797247AAC5B00B58056 /* Release */ = {
			isa = XCBuildConfiguration;
			baseConfigurationReference = 87B6293AD8B0C1F3477542F8 /* Pods-NetworkPlatformTests.release.xcconfig */;
			buildSettings = {
				ALWAYS_EMBED_SWIFT_STANDARD_LIBRARIES = YES;
				CODE_SIGN_STYLE = Automatic;
				DEVELOPMENT_TEAM = XXZR5P8AB3;
				INFOPLIST_FILE = NetworkPlatformTests/Info.plist;
				IPHONEOS_DEPLOYMENT_TARGET = 13.5;
				LD_RUNPATH_SEARCH_PATHS = (
					"$(inherited)",
					"@executable_path/Frameworks",
					"@loader_path/Frameworks",
				);
				PRODUCT_BUNDLE_IDENTIFIER = home.NetworkPlatformTests;
				PRODUCT_NAME = "$(TARGET_NAME)";
				SWIFT_VERSION = 5.0;
				TARGETED_DEVICE_FAMILY = "1,2";
				TEST_HOST = "$(BUILT_PRODUCTS_DIR)/iOS-Challenge.app/iOS-Challenge";
			};
			name = Release;
		};
/* End XCBuildConfiguration section */

/* Begin XCConfigurationList section */
		608D18D623E091DB00BFE7C7 /* Build configuration list for PBXProject "iOS-Challenge" */ = {
			isa = XCConfigurationList;
			buildConfigurations = (
				608D190323E091DC00BFE7C7 /* Debug */,
				608D190423E091DC00BFE7C7 /* Release */,
			);
			defaultConfigurationIsVisible = 0;
			defaultConfigurationName = Release;
		};
		608D190523E091DC00BFE7C7 /* Build configuration list for PBXNativeTarget "iOS-Challenge" */ = {
			isa = XCConfigurationList;
			buildConfigurations = (
				608D190623E091DC00BFE7C7 /* Debug */,
				608D190723E091DC00BFE7C7 /* Release */,
			);
			defaultConfigurationIsVisible = 0;
			defaultConfigurationName = Release;
		};
		608D190823E091DC00BFE7C7 /* Build configuration list for PBXNativeTarget "iOS-ChallengeTests" */ = {
			isa = XCConfigurationList;
			buildConfigurations = (
				608D190923E091DC00BFE7C7 /* Debug */,
				608D190A23E091DC00BFE7C7 /* Release */,
			);
			defaultConfigurationIsVisible = 0;
			defaultConfigurationName = Release;
		};
		608D190B23E091DC00BFE7C7 /* Build configuration list for PBXNativeTarget "iOS-ChallengeUITests" */ = {
			isa = XCConfigurationList;
			buildConfigurations = (
				608D190C23E091DC00BFE7C7 /* Debug */,
				608D190D23E091DC00BFE7C7 /* Release */,
			);
			defaultConfigurationIsVisible = 0;
			defaultConfigurationName = Release;
		};
		AD95A76B247AA57000B58056 /* Build configuration list for PBXNativeTarget "Domain" */ = {
			isa = XCConfigurationList;
			buildConfigurations = (
				AD95A76C247AA57000B58056 /* Debug */,
				AD95A76D247AA57000B58056 /* Release */,
			);
			defaultConfigurationIsVisible = 0;
			defaultConfigurationName = Release;
		};
		AD95A76E247AA57000B58056 /* Build configuration list for PBXNativeTarget "DomainTests" */ = {
			isa = XCConfigurationList;
			buildConfigurations = (
				AD95A76F247AA57000B58056 /* Debug */,
				AD95A770247AA57000B58056 /* Release */,
			);
			defaultConfigurationIsVisible = 0;
			defaultConfigurationName = Release;
		};
		AD95A792247AAC5B00B58056 /* Build configuration list for PBXNativeTarget "NetworkPlatform" */ = {
			isa = XCConfigurationList;
			buildConfigurations = (
				AD95A793247AAC5B00B58056 /* Debug */,
				AD95A794247AAC5B00B58056 /* Release */,
			);
			defaultConfigurationIsVisible = 0;
			defaultConfigurationName = Release;
		};
		AD95A795247AAC5B00B58056 /* Build configuration list for PBXNativeTarget "NetworkPlatformTests" */ = {
			isa = XCConfigurationList;
			buildConfigurations = (
				AD95A796247AAC5B00B58056 /* Debug */,
				AD95A797247AAC5B00B58056 /* Release */,
			);
			defaultConfigurationIsVisible = 0;
			defaultConfigurationName = Release;
		};
/* End XCConfigurationList section */
	};
	rootObject = 608D18D323E091DB00BFE7C7 /* Project object */;
}
